// !$*UTF8*$!
{
	archiveVersion = 1;
	classes = {
	};
	objectVersion = 55;
	objects = {

/* Begin PBXBuildFile section */
		B408BE432831D06C00044B81 /* RxTestPackage.h in Headers */ = {isa = PBXBuildFile; fileRef = B408BE422831D06C00044B81 /* RxTestPackage.h */; settings = {ATTRIBUTES = (Public, ); }; };
		B408BE5C2831D0A900044B81 /* HotObservable.swift in Sources */ = {isa = PBXBuildFile; fileRef = B408BE4A2831D0A900044B81 /* HotObservable.swift */; };
		B408BE5D2831D0A900044B81 /* TestableObservable.swift in Sources */ = {isa = PBXBuildFile; fileRef = B408BE4B2831D0A900044B81 /* TestableObservable.swift */; };
		B408BE5E2831D0A900044B81 /* Recorded+Event.swift in Sources */ = {isa = PBXBuildFile; fileRef = B408BE4C2831D0A900044B81 /* Recorded+Event.swift */; };
		B408BE5F2831D0A900044B81 /* Any+Equatable.swift in Sources */ = {isa = PBXBuildFile; fileRef = B408BE4D2831D0A900044B81 /* Any+Equatable.swift */; };
		B408BE612831D0A900044B81 /* Event+Equatable.swift in Sources */ = {isa = PBXBuildFile; fileRef = B408BE512831D0A900044B81 /* Event+Equatable.swift */; };
		B408BE622831D0A900044B81 /* TestableObserver.swift in Sources */ = {isa = PBXBuildFile; fileRef = B408BE522831D0A900044B81 /* TestableObserver.swift */; };
		B408BE632831D0A900044B81 /* Subscription.swift in Sources */ = {isa = PBXBuildFile; fileRef = B408BE532831D0A900044B81 /* Subscription.swift */; };
		B408BE642831D0A900044B81 /* Recorded.swift in Sources */ = {isa = PBXBuildFile; fileRef = B408BE542831D0A900044B81 /* Recorded.swift */; };
		B408BE652831D0A900044B81 /* XCTest+Rx.swift in Sources */ = {isa = PBXBuildFile; fileRef = B408BE552831D0A900044B81 /* XCTest+Rx.swift */; };
		B408BE662831D0A900044B81 /* ColdObservable.swift in Sources */ = {isa = PBXBuildFile; fileRef = B408BE562831D0A900044B81 /* ColdObservable.swift */; };
		B408BE682831D0A900044B81 /* RxTest.swift in Sources */ = {isa = PBXBuildFile; fileRef = B408BE582831D0A900044B81 /* RxTest.swift */; };
		B408BE692831D0A900044B81 /* TestSchedulerVirtualTimeConverter.swift in Sources */ = {isa = PBXBuildFile; fileRef = B408BE5A2831D0A900044B81 /* TestSchedulerVirtualTimeConverter.swift */; };
		B408BE6A2831D0A900044B81 /* TestScheduler.swift in Sources */ = {isa = PBXBuildFile; fileRef = B408BE5B2831D0A900044B81 /* TestScheduler.swift */; };
		B408BE7D2831D0B300044B81 /* BlockingObservable.swift in Sources */ = {isa = PBXBuildFile; fileRef = B408BE722831D0B300044B81 /* BlockingObservable.swift */; };
		B408BE7E2831D0B300044B81 /* ObservableConvertibleType+Blocking.swift in Sources */ = {isa = PBXBuildFile; fileRef = B408BE732831D0B300044B81 /* ObservableConvertibleType+Blocking.swift */; };
		B408BE7F2831D0B300044B81 /* RunLoopLock.swift in Sources */ = {isa = PBXBuildFile; fileRef = B408BE742831D0B300044B81 /* RunLoopLock.swift */; };
		B408BE802831D0B300044B81 /* Resources.swift in Sources */ = {isa = PBXBuildFile; fileRef = B408BE752831D0B300044B81 /* Resources.swift */; };
		B408BE822831D0B300044B81 /* BlockingObservable+Operators.swift in Sources */ = {isa = PBXBuildFile; fileRef = B408BE772831D0B300044B81 /* BlockingObservable+Operators.swift */; };
		B408BE932831D95100044B81 /* Platform.Darwin.swift in Sources */ = {isa = PBXBuildFile; fileRef = B408BE922831D95100044B81 /* Platform.Darwin.swift */; };
		B408BE952831D95B00044B81 /* AtomicInt.swift in Sources */ = {isa = PBXBuildFile; fileRef = B408BE942831D95B00044B81 /* AtomicInt.swift */; };
		B408BE972831D96600044B81 /* Platform.Linux.swift in Sources */ = {isa = PBXBuildFile; fileRef = B408BE962831D96600044B81 /* Platform.Linux.swift */; };
		B408BE992831D97100044B81 /* RecursiveLock.swift in Sources */ = {isa = PBXBuildFile; fileRef = B408BE982831D97100044B81 /* RecursiveLock.swift */; };
		B408BE9B2831DA3600044B81 /* Bag.swift in Sources */ = {isa = PBXBuildFile; fileRef = B408BE9A2831DA3600044B81 /* Bag.swift */; };
		B408BE9D2831DB1400044B81 /* XCTest.framework in Frameworks */ = {isa = PBXBuildFile; fileRef = B408BE9C2831DB1400044B81 /* XCTest.framework */; };
		B408BE9E2831DB1400044B81 /* XCTest.framework in Embed Frameworks */ = {isa = PBXBuildFile; fileRef = B408BE9C2831DB1400044B81 /* XCTest.framework */; settings = {ATTRIBUTES = (CodeSignOnCopy, RemoveHeadersOnCopy, ); }; };
		B408BEEF2832215400044B81 /* RxPackage.framework in Frameworks */ = {isa = PBXBuildFile; fileRef = B408BEEE2832215400044B81 /* RxPackage.framework */; };
		B408BEF02832215400044B81 /* RxPackage.framework in Embed Frameworks */ = {isa = PBXBuildFile; fileRef = B408BEEE2832215400044B81 /* RxPackage.framework */; settings = {ATTRIBUTES = (CodeSignOnCopy, RemoveHeadersOnCopy, ); }; };
		B408BF2E28322BAC00044B81 /* Expectation+Ext.swift in Sources */ = {isa = PBXBuildFile; fileRef = B408BF2D28322BAC00044B81 /* Expectation+Ext.swift */; };
		B408BF3028322BBB00044B81 /* Expectation+Blocking.swift in Sources */ = {isa = PBXBuildFile; fileRef = B408BF2F28322BBB00044B81 /* Expectation+Blocking.swift */; };
		B408BF3228322BC800044B81 /* Equal+RxTest.swift in Sources */ = {isa = PBXBuildFile; fileRef = B408BF3128322BC800044B81 /* Equal+RxTest.swift */; };
		B408BF3428322BD200044B81 /* Expectation+RxTest.swift in Sources */ = {isa = PBXBuildFile; fileRef = B408BF3328322BD200044B81 /* Expectation+RxTest.swift */; };
		B408BF3628322BDD00044B81 /* ThrowError+RxTest.swift in Sources */ = {isa = PBXBuildFile; fileRef = B408BF3528322BDD00044B81 /* ThrowError+RxTest.swift */; };
		B408BF3928322DE400044B81 /* Nimble in Frameworks */ = {isa = PBXBuildFile; productRef = B408BF3828322DE400044B81 /* Nimble */; };
		B408BF3C28322E6600044B81 /* Quick in Frameworks */ = {isa = PBXBuildFile; productRef = B408BF3B28322E6600044B81 /* Quick */; };
/* End PBXBuildFile section */

/* Begin PBXCopyFilesBuildPhase section */
		B408BE872831D13600044B81 /* Embed Frameworks */ = {
			isa = PBXCopyFilesBuildPhase;
			buildActionMask = 2147483647;
			dstPath = "";
			dstSubfolderSpec = 10;
			files = (
				B408BE9E2831DB1400044B81 /* XCTest.framework in Embed Frameworks */,
				B408BEF02832215400044B81 /* RxPackage.framework in Embed Frameworks */,
			);
			name = "Embed Frameworks";
			runOnlyForDeploymentPostprocessing = 0;
		};
/* End PBXCopyFilesBuildPhase section */

/* Begin PBXFileReference section */
		B408BE3F2831D06C00044B81 /* RxTestPackage.framework */ = {isa = PBXFileReference; explicitFileType = wrapper.framework; includeInIndex = 0; path = RxTestPackage.framework; sourceTree = BUILT_PRODUCTS_DIR; };
		B408BE422831D06C00044B81 /* RxTestPackage.h */ = {isa = PBXFileReference; lastKnownFileType = sourcecode.c.h; path = RxTestPackage.h; sourceTree = "<group>"; };
		B408BE4A2831D0A900044B81 /* HotObservable.swift */ = {isa = PBXFileReference; fileEncoding = 4; lastKnownFileType = sourcecode.swift; path = HotObservable.swift; sourceTree = "<group>"; };
		B408BE4B2831D0A900044B81 /* TestableObservable.swift */ = {isa = PBXFileReference; fileEncoding = 4; lastKnownFileType = sourcecode.swift; path = TestableObservable.swift; sourceTree = "<group>"; };
		B408BE4C2831D0A900044B81 /* Recorded+Event.swift */ = {isa = PBXFileReference; fileEncoding = 4; lastKnownFileType = sourcecode.swift; path = "Recorded+Event.swift"; sourceTree = "<group>"; };
		B408BE4D2831D0A900044B81 /* Any+Equatable.swift */ = {isa = PBXFileReference; fileEncoding = 4; lastKnownFileType = sourcecode.swift; path = "Any+Equatable.swift"; sourceTree = "<group>"; };
		B408BE512831D0A900044B81 /* Event+Equatable.swift */ = {isa = PBXFileReference; fileEncoding = 4; lastKnownFileType = sourcecode.swift; path = "Event+Equatable.swift"; sourceTree = "<group>"; };
		B408BE522831D0A900044B81 /* TestableObserver.swift */ = {isa = PBXFileReference; fileEncoding = 4; lastKnownFileType = sourcecode.swift; path = TestableObserver.swift; sourceTree = "<group>"; };
		B408BE532831D0A900044B81 /* Subscription.swift */ = {isa = PBXFileReference; fileEncoding = 4; lastKnownFileType = sourcecode.swift; path = Subscription.swift; sourceTree = "<group>"; };
		B408BE542831D0A900044B81 /* Recorded.swift */ = {isa = PBXFileReference; fileEncoding = 4; lastKnownFileType = sourcecode.swift; path = Recorded.swift; sourceTree = "<group>"; };
		B408BE552831D0A900044B81 /* XCTest+Rx.swift */ = {isa = PBXFileReference; fileEncoding = 4; lastKnownFileType = sourcecode.swift; path = "XCTest+Rx.swift"; sourceTree = "<group>"; };
		B408BE562831D0A900044B81 /* ColdObservable.swift */ = {isa = PBXFileReference; fileEncoding = 4; lastKnownFileType = sourcecode.swift; path = ColdObservable.swift; sourceTree = "<group>"; };
		B408BE582831D0A900044B81 /* RxTest.swift */ = {isa = PBXFileReference; fileEncoding = 4; lastKnownFileType = sourcecode.swift; path = RxTest.swift; sourceTree = "<group>"; };
		B408BE5A2831D0A900044B81 /* TestSchedulerVirtualTimeConverter.swift */ = {isa = PBXFileReference; fileEncoding = 4; lastKnownFileType = sourcecode.swift; path = TestSchedulerVirtualTimeConverter.swift; sourceTree = "<group>"; };
		B408BE5B2831D0A900044B81 /* TestScheduler.swift */ = {isa = PBXFileReference; fileEncoding = 4; lastKnownFileType = sourcecode.swift; path = TestScheduler.swift; sourceTree = "<group>"; };
		B408BE722831D0B300044B81 /* BlockingObservable.swift */ = {isa = PBXFileReference; fileEncoding = 4; lastKnownFileType = sourcecode.swift; path = BlockingObservable.swift; sourceTree = "<group>"; };
		B408BE732831D0B300044B81 /* ObservableConvertibleType+Blocking.swift */ = {isa = PBXFileReference; fileEncoding = 4; lastKnownFileType = sourcecode.swift; path = "ObservableConvertibleType+Blocking.swift"; sourceTree = "<group>"; };
		B408BE742831D0B300044B81 /* RunLoopLock.swift */ = {isa = PBXFileReference; fileEncoding = 4; lastKnownFileType = sourcecode.swift; path = RunLoopLock.swift; sourceTree = "<group>"; };
		B408BE752831D0B300044B81 /* Resources.swift */ = {isa = PBXFileReference; fileEncoding = 4; lastKnownFileType = sourcecode.swift; path = Resources.swift; sourceTree = "<group>"; };
		B408BE772831D0B300044B81 /* BlockingObservable+Operators.swift */ = {isa = PBXFileReference; fileEncoding = 4; lastKnownFileType = sourcecode.swift; path = "BlockingObservable+Operators.swift"; sourceTree = "<group>"; };
		B408BE922831D95100044B81 /* Platform.Darwin.swift */ = {isa = PBXFileReference; lastKnownFileType = sourcecode.swift; path = Platform.Darwin.swift; sourceTree = "<group>"; };
		B408BE942831D95B00044B81 /* AtomicInt.swift */ = {isa = PBXFileReference; lastKnownFileType = sourcecode.swift; path = AtomicInt.swift; sourceTree = "<group>"; };
		B408BE962831D96600044B81 /* Platform.Linux.swift */ = {isa = PBXFileReference; lastKnownFileType = sourcecode.swift; path = Platform.Linux.swift; sourceTree = "<group>"; };
		B408BE982831D97100044B81 /* RecursiveLock.swift */ = {isa = PBXFileReference; lastKnownFileType = sourcecode.swift; path = RecursiveLock.swift; sourceTree = "<group>"; };
		B408BE9A2831DA3600044B81 /* Bag.swift */ = {isa = PBXFileReference; lastKnownFileType = sourcecode.swift; path = Bag.swift; sourceTree = "<group>"; };
		B408BE9C2831DB1400044B81 /* XCTest.framework */ = {isa = PBXFileReference; lastKnownFileType = wrapper.framework; name = XCTest.framework; path = Platforms/iPhoneOS.platform/Developer/Library/Frameworks/XCTest.framework; sourceTree = DEVELOPER_DIR; };
		B408BEEE2832215400044B81 /* RxPackage.framework */ = {isa = PBXFileReference; explicitFileType = wrapper.framework; path = RxPackage.framework; sourceTree = BUILT_PRODUCTS_DIR; };
		B408BF2D28322BAC00044B81 /* Expectation+Ext.swift */ = {isa = PBXFileReference; lastKnownFileType = sourcecode.swift; path = "Expectation+Ext.swift"; sourceTree = "<group>"; };
		B408BF2F28322BBB00044B81 /* Expectation+Blocking.swift */ = {isa = PBXFileReference; lastKnownFileType = sourcecode.swift; path = "Expectation+Blocking.swift"; sourceTree = "<group>"; };
		B408BF3128322BC800044B81 /* Equal+RxTest.swift */ = {isa = PBXFileReference; lastKnownFileType = sourcecode.swift; path = "Equal+RxTest.swift"; sourceTree = "<group>"; };
		B408BF3328322BD200044B81 /* Expectation+RxTest.swift */ = {isa = PBXFileReference; lastKnownFileType = sourcecode.swift; path = "Expectation+RxTest.swift"; sourceTree = "<group>"; };
		B408BF3528322BDD00044B81 /* ThrowError+RxTest.swift */ = {isa = PBXFileReference; lastKnownFileType = sourcecode.swift; path = "ThrowError+RxTest.swift"; sourceTree = "<group>"; };
/* End PBXFileReference section */

/* Begin PBXFrameworksBuildPhase section */
		B408BE3C2831D06B00044B81 /* Frameworks */ = {
			isa = PBXFrameworksBuildPhase;
			buildActionMask = 2147483647;
			files = (
				B408BF3928322DE400044B81 /* Nimble in Frameworks */,
				B408BE9D2831DB1400044B81 /* XCTest.framework in Frameworks */,
				B408BF3C28322E6600044B81 /* Quick in Frameworks */,
				B408BEEF2832215400044B81 /* RxPackage.framework in Frameworks */,
			);
			runOnlyForDeploymentPostprocessing = 0;
		};
/* End PBXFrameworksBuildPhase section */

/* Begin PBXGroup section */
		B408BE352831D06B00044B81 = {
			isa = PBXGroup;
			children = (
				B408BE412831D06C00044B81 /* RxTestPackage */,
				B408BE402831D06C00044B81 /* Products */,
				B408BE832831D13600044B81 /* Frameworks */,
			);
			sourceTree = "<group>";
		};
		B408BE402831D06C00044B81 /* Products */ = {
			isa = PBXGroup;
			children = (
				B408BE3F2831D06C00044B81 /* RxTestPackage.framework */,
			);
			name = Products;
			sourceTree = "<group>";
		};
		B408BE412831D06C00044B81 /* RxTestPackage */ = {
			isa = PBXGroup;
			children = (
				B408BE422831D06C00044B81 /* RxTestPackage.h */,
				B408BE6B2831D0B300044B81 /* RxBlocking */,
				B408BE492831D0A900044B81 /* RxTest */,
				B408BF2928322B3400044B81 /* RxNimble */,
			);
			path = RxTestPackage;
			sourceTree = "<group>";
		};
		B408BE492831D0A900044B81 /* RxTest */ = {
			isa = PBXGroup;
			children = (
				B408BE4A2831D0A900044B81 /* HotObservable.swift */,
				B408BE4B2831D0A900044B81 /* TestableObservable.swift */,
				B408BE4C2831D0A900044B81 /* Recorded+Event.swift */,
				B408BE4D2831D0A900044B81 /* Any+Equatable.swift */,
				B408BE4E2831D0A900044B81 /* Platform */,
				B408BE512831D0A900044B81 /* Event+Equatable.swift */,
				B408BE522831D0A900044B81 /* TestableObserver.swift */,
				B408BE532831D0A900044B81 /* Subscription.swift */,
				B408BE542831D0A900044B81 /* Recorded.swift */,
				B408BE552831D0A900044B81 /* XCTest+Rx.swift */,
				B408BE562831D0A900044B81 /* ColdObservable.swift */,
				B408BE582831D0A900044B81 /* RxTest.swift */,
				B408BE592831D0A900044B81 /* Schedulers */,
			);
			path = RxTest;
			sourceTree = "<group>";
		};
		B408BE4E2831D0A900044B81 /* Platform */ = {
			isa = PBXGroup;
			children = (
				B408BE4F2831D0A900044B81 /* DataStructures */,
			);
			path = Platform;
			sourceTree = "<group>";
		};
		B408BE4F2831D0A900044B81 /* DataStructures */ = {
			isa = PBXGroup;
			children = (
				B408BE9A2831DA3600044B81 /* Bag.swift */,
			);
			path = DataStructures;
			sourceTree = "<group>";
		};
		B408BE592831D0A900044B81 /* Schedulers */ = {
			isa = PBXGroup;
			children = (
				B408BE5A2831D0A900044B81 /* TestSchedulerVirtualTimeConverter.swift */,
				B408BE5B2831D0A900044B81 /* TestScheduler.swift */,
			);
			path = Schedulers;
			sourceTree = "<group>";
		};
		B408BE6B2831D0B300044B81 /* RxBlocking */ = {
			isa = PBXGroup;
			children = (
				B408BE912831D92000044B81 /* Platform */,
				B408BE722831D0B300044B81 /* BlockingObservable.swift */,
				B408BE732831D0B300044B81 /* ObservableConvertibleType+Blocking.swift */,
				B408BE742831D0B300044B81 /* RunLoopLock.swift */,
				B408BE752831D0B300044B81 /* Resources.swift */,
				B408BE772831D0B300044B81 /* BlockingObservable+Operators.swift */,
			);
			path = RxBlocking;
			sourceTree = "<group>";
		};
		B408BE832831D13600044B81 /* Frameworks */ = {
			isa = PBXGroup;
			children = (
				B408BEEE2832215400044B81 /* RxPackage.framework */,
				B408BE9C2831DB1400044B81 /* XCTest.framework */,
			);
			name = Frameworks;
			sourceTree = "<group>";
		};
		B408BE912831D92000044B81 /* Platform */ = {
			isa = PBXGroup;
			children = (
				B408BE922831D95100044B81 /* Platform.Darwin.swift */,
				B408BE942831D95B00044B81 /* AtomicInt.swift */,
				B408BE962831D96600044B81 /* Platform.Linux.swift */,
				B408BE982831D97100044B81 /* RecursiveLock.swift */,
			);
			path = Platform;
			sourceTree = "<group>";
		};
		B408BF2928322B3400044B81 /* RxNimble */ = {
			isa = PBXGroup;
			children = (
				B408BF2A28322B7600044B81 /* Core */,
				B408BF2B28322B8100044B81 /* RxBlocking */,
				B408BF2C28322B8F00044B81 /* RxTest */,
			);
			path = RxNimble;
			sourceTree = "<group>";
		};
		B408BF2A28322B7600044B81 /* Core */ = {
			isa = PBXGroup;
			children = (
				B408BF2D28322BAC00044B81 /* Expectation+Ext.swift */,
			);
			path = Core;
			sourceTree = "<group>";
		};
		B408BF2B28322B8100044B81 /* RxBlocking */ = {
			isa = PBXGroup;
			children = (
				B408BF2F28322BBB00044B81 /* Expectation+Blocking.swift */,
			);
			path = RxBlocking;
			sourceTree = "<group>";
		};
		B408BF2C28322B8F00044B81 /* RxTest */ = {
			isa = PBXGroup;
			children = (
				B408BF3128322BC800044B81 /* Equal+RxTest.swift */,
				B408BF3328322BD200044B81 /* Expectation+RxTest.swift */,
				B408BF3528322BDD00044B81 /* ThrowError+RxTest.swift */,
			);
			path = RxTest;
			sourceTree = "<group>";
		};
/* End PBXGroup section */

/* Begin PBXHeadersBuildPhase section */
		B408BE3A2831D06B00044B81 /* Headers */ = {
			isa = PBXHeadersBuildPhase;
			buildActionMask = 2147483647;
			files = (
				B408BE432831D06C00044B81 /* RxTestPackage.h in Headers */,
			);
			runOnlyForDeploymentPostprocessing = 0;
		};
/* End PBXHeadersBuildPhase section */

/* Begin PBXNativeTarget section */
		B408BE3E2831D06B00044B81 /* RxTestPackage */ = {
			isa = PBXNativeTarget;
			buildConfigurationList = B408BE462831D06C00044B81 /* Build configuration list for PBXNativeTarget "RxTestPackage" */;
			buildPhases = (
				B408BE3A2831D06B00044B81 /* Headers */,
				B408BE3B2831D06B00044B81 /* Sources */,
				B408BE3C2831D06B00044B81 /* Frameworks */,
				B408BE3D2831D06B00044B81 /* Resources */,
				B408BE872831D13600044B81 /* Embed Frameworks */,
			);
			buildRules = (
			);
			dependencies = (
			);
			name = RxTestPackage;
			packageProductDependencies = (
				B408BF3828322DE400044B81 /* Nimble */,
				B408BF3B28322E6600044B81 /* Quick */,
			);
			productName = RxTestPackage;
			productReference = B408BE3F2831D06C00044B81 /* RxTestPackage.framework */;
			productType = "com.apple.product-type.framework";
		};
/* End PBXNativeTarget section */

/* Begin PBXProject section */
		B408BE362831D06B00044B81 /* Project object */ = {
			isa = PBXProject;
			attributes = {
				BuildIndependentTargetsInParallel = 1;
				LastUpgradeCheck = 1330;
				TargetAttributes = {
					B408BE3E2831D06B00044B81 = {
						CreatedOnToolsVersion = 13.3.1;
					};
				};
			};
			buildConfigurationList = B408BE392831D06B00044B81 /* Build configuration list for PBXProject "RxTestPackage" */;
			compatibilityVersion = "Xcode 13.0";
			developmentRegion = en;
			hasScannedForEncodings = 0;
			knownRegions = (
				en,
				Base,
			);
			mainGroup = B408BE352831D06B00044B81;
			packageReferences = (
				B408BF3728322DE400044B81 /* XCRemoteSwiftPackageReference "Nimble" */,
				B408BF3A28322E6600044B81 /* XCRemoteSwiftPackageReference "Quick" */,
			);
			productRefGroup = B408BE402831D06C00044B81 /* Products */;
			projectDirPath = "";
			projectRoot = "";
			targets = (
				B408BE3E2831D06B00044B81 /* RxTestPackage */,
			);
		};
/* End PBXProject section */

/* Begin PBXResourcesBuildPhase section */
		B408BE3D2831D06B00044B81 /* Resources */ = {
			isa = PBXResourcesBuildPhase;
			buildActionMask = 2147483647;
			files = (
			);
			runOnlyForDeploymentPostprocessing = 0;
		};
/* End PBXResourcesBuildPhase section */

/* Begin PBXSourcesBuildPhase section */
		B408BE3B2831D06B00044B81 /* Sources */ = {
			isa = PBXSourcesBuildPhase;
			buildActionMask = 2147483647;
			files = (
				B408BE642831D0A900044B81 /* Recorded.swift in Sources */,
				B408BF3628322BDD00044B81 /* ThrowError+RxTest.swift in Sources */,
				B408BE822831D0B300044B81 /* BlockingObservable+Operators.swift in Sources */,
				B408BE682831D0A900044B81 /* RxTest.swift in Sources */,
				B408BE9B2831DA3600044B81 /* Bag.swift in Sources */,
				B408BF3228322BC800044B81 /* Equal+RxTest.swift in Sources */,
				B408BE992831D97100044B81 /* RecursiveLock.swift in Sources */,
				B408BE932831D95100044B81 /* Platform.Darwin.swift in Sources */,
				B408BE692831D0A900044B81 /* TestSchedulerVirtualTimeConverter.swift in Sources */,
				B408BE5D2831D0A900044B81 /* TestableObservable.swift in Sources */,
				B408BF2E28322BAC00044B81 /* Expectation+Ext.swift in Sources */,
				B408BE632831D0A900044B81 /* Subscription.swift in Sources */,
				B408BE622831D0A900044B81 /* TestableObserver.swift in Sources */,
				B408BE952831D95B00044B81 /* AtomicInt.swift in Sources */,
				B408BE5F2831D0A900044B81 /* Any+Equatable.swift in Sources */,
				B408BE7D2831D0B300044B81 /* BlockingObservable.swift in Sources */,
				B408BE972831D96600044B81 /* Platform.Linux.swift in Sources */,
				B408BE7E2831D0B300044B81 /* ObservableConvertibleType+Blocking.swift in Sources */,
				B408BE612831D0A900044B81 /* Event+Equatable.swift in Sources */,
				B408BE7F2831D0B300044B81 /* RunLoopLock.swift in Sources */,
				B408BF3428322BD200044B81 /* Expectation+RxTest.swift in Sources */,
				B408BE5C2831D0A900044B81 /* HotObservable.swift in Sources */,
				B408BE652831D0A900044B81 /* XCTest+Rx.swift in Sources */,
				B408BE6A2831D0A900044B81 /* TestScheduler.swift in Sources */,
				B408BE5E2831D0A900044B81 /* Recorded+Event.swift in Sources */,
				B408BF3028322BBB00044B81 /* Expectation+Blocking.swift in Sources */,
				B408BE802831D0B300044B81 /* Resources.swift in Sources */,
				B408BE662831D0A900044B81 /* ColdObservable.swift in Sources */,
			);
			runOnlyForDeploymentPostprocessing = 0;
		};
/* End PBXSourcesBuildPhase section */

/* Begin XCBuildConfiguration section */
		B408BE442831D06C00044B81 /* Debug */ = {
			isa = XCBuildConfiguration;
			buildSettings = {
				ALWAYS_SEARCH_USER_PATHS = NO;
				CLANG_ANALYZER_NONNULL = YES;
				CLANG_ANALYZER_NUMBER_OBJECT_CONVERSION = YES_AGGRESSIVE;
				CLANG_CXX_LANGUAGE_STANDARD = "gnu++17";
				CLANG_ENABLE_MODULES = YES;
				CLANG_ENABLE_OBJC_ARC = YES;
				CLANG_ENABLE_OBJC_WEAK = YES;
				CLANG_WARN_BLOCK_CAPTURE_AUTORELEASING = YES;
				CLANG_WARN_BOOL_CONVERSION = YES;
				CLANG_WARN_COMMA = YES;
				CLANG_WARN_CONSTANT_CONVERSION = YES;
				CLANG_WARN_DEPRECATED_OBJC_IMPLEMENTATIONS = YES;
				CLANG_WARN_DIRECT_OBJC_ISA_USAGE = YES_ERROR;
				CLANG_WARN_DOCUMENTATION_COMMENTS = YES;
				CLANG_WARN_EMPTY_BODY = YES;
				CLANG_WARN_ENUM_CONVERSION = YES;
				CLANG_WARN_INFINITE_RECURSION = YES;
				CLANG_WARN_INT_CONVERSION = YES;
				CLANG_WARN_NON_LITERAL_NULL_CONVERSION = YES;
				CLANG_WARN_OBJC_IMPLICIT_RETAIN_SELF = YES;
				CLANG_WARN_OBJC_LITERAL_CONVERSION = YES;
				CLANG_WARN_OBJC_ROOT_CLASS = YES_ERROR;
				CLANG_WARN_QUOTED_INCLUDE_IN_FRAMEWORK_HEADER = YES;
				CLANG_WARN_RANGE_LOOP_ANALYSIS = YES;
				CLANG_WARN_STRICT_PROTOTYPES = YES;
				CLANG_WARN_SUSPICIOUS_MOVE = YES;
				CLANG_WARN_UNGUARDED_AVAILABILITY = YES_AGGRESSIVE;
				CLANG_WARN_UNREACHABLE_CODE = YES;
				CLANG_WARN__DUPLICATE_METHOD_MATCH = YES;
				COPY_PHASE_STRIP = NO;
				CURRENT_PROJECT_VERSION = 1;
				DEBUG_INFORMATION_FORMAT = dwarf;
				ENABLE_STRICT_OBJC_MSGSEND = YES;
				ENABLE_TESTABILITY = YES;
				GCC_C_LANGUAGE_STANDARD = gnu11;
				GCC_DYNAMIC_NO_PIC = NO;
				GCC_NO_COMMON_BLOCKS = YES;
				GCC_OPTIMIZATION_LEVEL = 0;
				GCC_PREPROCESSOR_DEFINITIONS = (
					"DEBUG=1",
					"$(inherited)",
				);
				GCC_WARN_64_TO_32_BIT_CONVERSION = YES;
				GCC_WARN_ABOUT_RETURN_TYPE = YES_ERROR;
				GCC_WARN_UNDECLARED_SELECTOR = YES;
				GCC_WARN_UNINITIALIZED_AUTOS = YES_AGGRESSIVE;
				GCC_WARN_UNUSED_FUNCTION = YES;
				GCC_WARN_UNUSED_VARIABLE = YES;
				IPHONEOS_DEPLOYMENT_TARGET = 15.4;
				MTL_ENABLE_DEBUG_INFO = INCLUDE_SOURCE;
				MTL_FAST_MATH = YES;
				ONLY_ACTIVE_ARCH = YES;
				SDKROOT = iphoneos;
				SWIFT_ACTIVE_COMPILATION_CONDITIONS = DEBUG;
				SWIFT_OPTIMIZATION_LEVEL = "-Onone";
				VERSIONING_SYSTEM = "apple-generic";
				VERSION_INFO_PREFIX = "";
			};
			name = Debug;
		};
		B408BE452831D06C00044B81 /* Release */ = {
			isa = XCBuildConfiguration;
			buildSettings = {
				ALWAYS_SEARCH_USER_PATHS = NO;
				CLANG_ANALYZER_NONNULL = YES;
				CLANG_ANALYZER_NUMBER_OBJECT_CONVERSION = YES_AGGRESSIVE;
				CLANG_CXX_LANGUAGE_STANDARD = "gnu++17";
				CLANG_ENABLE_MODULES = YES;
				CLANG_ENABLE_OBJC_ARC = YES;
				CLANG_ENABLE_OBJC_WEAK = YES;
				CLANG_WARN_BLOCK_CAPTURE_AUTORELEASING = YES;
				CLANG_WARN_BOOL_CONVERSION = YES;
				CLANG_WARN_COMMA = YES;
				CLANG_WARN_CONSTANT_CONVERSION = YES;
				CLANG_WARN_DEPRECATED_OBJC_IMPLEMENTATIONS = YES;
				CLANG_WARN_DIRECT_OBJC_ISA_USAGE = YES_ERROR;
				CLANG_WARN_DOCUMENTATION_COMMENTS = YES;
				CLANG_WARN_EMPTY_BODY = YES;
				CLANG_WARN_ENUM_CONVERSION = YES;
				CLANG_WARN_INFINITE_RECURSION = YES;
				CLANG_WARN_INT_CONVERSION = YES;
				CLANG_WARN_NON_LITERAL_NULL_CONVERSION = YES;
				CLANG_WARN_OBJC_IMPLICIT_RETAIN_SELF = YES;
				CLANG_WARN_OBJC_LITERAL_CONVERSION = YES;
				CLANG_WARN_OBJC_ROOT_CLASS = YES_ERROR;
				CLANG_WARN_QUOTED_INCLUDE_IN_FRAMEWORK_HEADER = YES;
				CLANG_WARN_RANGE_LOOP_ANALYSIS = YES;
				CLANG_WARN_STRICT_PROTOTYPES = YES;
				CLANG_WARN_SUSPICIOUS_MOVE = YES;
				CLANG_WARN_UNGUARDED_AVAILABILITY = YES_AGGRESSIVE;
				CLANG_WARN_UNREACHABLE_CODE = YES;
				CLANG_WARN__DUPLICATE_METHOD_MATCH = YES;
				COPY_PHASE_STRIP = NO;
				CURRENT_PROJECT_VERSION = 1;
				DEBUG_INFORMATION_FORMAT = "dwarf-with-dsym";
				ENABLE_NS_ASSERTIONS = NO;
				ENABLE_STRICT_OBJC_MSGSEND = YES;
				GCC_C_LANGUAGE_STANDARD = gnu11;
				GCC_NO_COMMON_BLOCKS = YES;
				GCC_WARN_64_TO_32_BIT_CONVERSION = YES;
				GCC_WARN_ABOUT_RETURN_TYPE = YES_ERROR;
				GCC_WARN_UNDECLARED_SELECTOR = YES;
				GCC_WARN_UNINITIALIZED_AUTOS = YES_AGGRESSIVE;
				GCC_WARN_UNUSED_FUNCTION = YES;
				GCC_WARN_UNUSED_VARIABLE = YES;
				IPHONEOS_DEPLOYMENT_TARGET = 15.4;
				MTL_ENABLE_DEBUG_INFO = NO;
				MTL_FAST_MATH = YES;
				SDKROOT = iphoneos;
				SWIFT_COMPILATION_MODE = wholemodule;
				SWIFT_OPTIMIZATION_LEVEL = "-O";
				VALIDATE_PRODUCT = YES;
				VERSIONING_SYSTEM = "apple-generic";
				VERSION_INFO_PREFIX = "";
			};
			name = Release;
		};
		B408BE472831D06C00044B81 /* Debug */ = {
			isa = XCBuildConfiguration;
			buildSettings = {
				CODE_SIGN_STYLE = Automatic;
				CURRENT_PROJECT_VERSION = 1;
				DEFINES_MODULE = YES;
				DEVELOPMENT_TEAM = CD8LU925FT;
				DYLIB_COMPATIBILITY_VERSION = 1;
				DYLIB_CURRENT_VERSION = 1;
				DYLIB_INSTALL_NAME_BASE = "@rpath";
				GENERATE_INFOPLIST_FILE = YES;
				INFOPLIST_KEY_NSHumanReadableCopyright = "";
				INSTALL_PATH = "$(LOCAL_LIBRARY_DIR)/Frameworks";
				IPHONEOS_DEPLOYMENT_TARGET = 13.0;
				LD_RUNPATH_SEARCH_PATHS = (
					"$(inherited)",
					"@executable_path/Frameworks",
					"@loader_path/Frameworks",
				);
				MARKETING_VERSION = 1.0;
				PRODUCT_BUNDLE_IDENTIFIER = com.Homunculus.RxTestPackage;
				PRODUCT_NAME = "$(TARGET_NAME:c99extidentifier)";
				SKIP_INSTALL = YES;
				SUPPORTS_MACCATALYST = NO;
				SWIFT_EMIT_LOC_STRINGS = YES;
				SWIFT_VERSION = 5.0;
				TARGETED_DEVICE_FAMILY = "1,2";
			};
			name = Debug;
		};
		B408BE482831D06C00044B81 /* Release */ = {
			isa = XCBuildConfiguration;
			buildSettings = {
				CODE_SIGN_STYLE = Automatic;
				CURRENT_PROJECT_VERSION = 1;
				DEFINES_MODULE = YES;
				DEVELOPMENT_TEAM = CD8LU925FT;
				DYLIB_COMPATIBILITY_VERSION = 1;
				DYLIB_CURRENT_VERSION = 1;
				DYLIB_INSTALL_NAME_BASE = "@rpath";
				GENERATE_INFOPLIST_FILE = YES;
				INFOPLIST_KEY_NSHumanReadableCopyright = "";
				INSTALL_PATH = "$(LOCAL_LIBRARY_DIR)/Frameworks";
				IPHONEOS_DEPLOYMENT_TARGET = 13.0;
				LD_RUNPATH_SEARCH_PATHS = (
					"$(inherited)",
					"@executable_path/Frameworks",
					"@loader_path/Frameworks",
				);
				MARKETING_VERSION = 1.0;
				PRODUCT_BUNDLE_IDENTIFIER = com.Homunculus.RxTestPackage;
				PRODUCT_NAME = "$(TARGET_NAME:c99extidentifier)";
				SKIP_INSTALL = YES;
				SUPPORTS_MACCATALYST = NO;
				SWIFT_EMIT_LOC_STRINGS = YES;
				SWIFT_VERSION = 5.0;
				TARGETED_DEVICE_FAMILY = "1,2";
			};
			name = Release;
		};
/* End XCBuildConfiguration section */

/* Begin XCConfigurationList section */
		B408BE392831D06B00044B81 /* Build configuration list for PBXProject "RxTestPackage" */ = {
			isa = XCConfigurationList;
			buildConfigurations = (
				B408BE442831D06C00044B81 /* Debug */,
				B408BE452831D06C00044B81 /* Release */,
			);
			defaultConfigurationIsVisible = 0;
			defaultConfigurationName = Release;
		};
		B408BE462831D06C00044B81 /* Build configuration list for PBXNativeTarget "RxTestPackage" */ = {
			isa = XCConfigurationList;
			buildConfigurations = (
				B408BE472831D06C00044B81 /* Debug */,
				B408BE482831D06C00044B81 /* Release */,
			);
			defaultConfigurationIsVisible = 0;
			defaultConfigurationName = Release;
		};
/* End XCConfigurationList section */

/* Begin XCRemoteSwiftPackageReference section */
		B408BF3728322DE400044B81 /* XCRemoteSwiftPackageReference "Nimble" */ = {
			isa = XCRemoteSwiftPackageReference;
			repositoryURL = "https://github.com/Quick/Nimble";
			requirement = {
				branch = main;
				kind = branch;
			};
		};
		B408BF3A28322E6600044B81 /* XCRemoteSwiftPackageReference "Quick" */ = {
			isa = XCRemoteSwiftPackageReference;
			repositoryURL = "https://github.com/Quick/Quick";
			requirement = {
				branch = main;
				kind = branch;
			};
		};
/* End XCRemoteSwiftPackageReference section */

/* Begin XCSwiftPackageProductDependency section */
		B408BF3828322DE400044B81 /* Nimble */ = {
			isa = XCSwiftPackageProductDependency;
			package = B408BF3728322DE400044B81 /* XCRemoteSwiftPackageReference "Nimble" */;
			productName = Nimble;
		};
		B408BF3B28322E6600044B81 /* Quick */ = {
			isa = XCSwiftPackageProductDependency;
			package = B408BF3A28322E6600044B81 /* XCRemoteSwiftPackageReference "Quick" */;
			productName = Quick;
		};
/* End XCSwiftPackageProductDependency section */
	};
	rootObject = B408BE362831D06B00044B81 /* Project object */;
}
