// !$*UTF8*$!
{
	archiveVersion = 1;
	classes = {
	};
	objectVersion = 55;
	objects = {

/* Begin PBXBuildFile section */
		7FB0BEC2BDF41BD08AF91954 /* Pods_Sound_Anywhere.framework in Frameworks */ = {isa = PBXBuildFile; fileRef = F5844E77307A1BB36C6D5AF8 /* Pods_Sound_Anywhere.framework */; };
		B45164C427E8C81100347409 /* AppDelegate.swift in Sources */ = {isa = PBXBuildFile; fileRef = B45164C327E8C81100347409 /* AppDelegate.swift */; };
		B45164C627E8C81100347409 /* SceneDelegate.swift in Sources */ = {isa = PBXBuildFile; fileRef = B45164C527E8C81100347409 /* SceneDelegate.swift */; };
		B45164C827E8C81100347409 /* ViewController.swift in Sources */ = {isa = PBXBuildFile; fileRef = B45164C727E8C81100347409 /* ViewController.swift */; };
		B45164CB27E8C81100347409 /* Main.storyboard in Resources */ = {isa = PBXBuildFile; fileRef = B45164C927E8C81100347409 /* Main.storyboard */; };
		B45164CD27E8C81300347409 /* Assets.xcassets in Resources */ = {isa = PBXBuildFile; fileRef = B45164CC27E8C81300347409 /* Assets.xcassets */; };
		B45164D027E8C81300347409 /* LaunchScreen.storyboard in Resources */ = {isa = PBXBuildFile; fileRef = B45164CE27E8C81300347409 /* LaunchScreen.storyboard */; };
/* End PBXBuildFile section */

/* Begin PBXFileReference section */
		89F9D2C91305C3EFF47AB391 /* Pods-Sound-Anywhere.release.xcconfig */ = {isa = PBXFileReference; includeInIndex = 1; lastKnownFileType = text.xcconfig; name = "Pods-Sound-Anywhere.release.xcconfig"; path = "Target Support Files/Pods-Sound-Anywhere/Pods-Sound-Anywhere.release.xcconfig"; sourceTree = "<group>"; };
		B45164C027E8C81100347409 /* Sound-Anywhere.app */ = {isa = PBXFileReference; explicitFileType = wrapper.application; includeInIndex = 0; path = "Sound-Anywhere.app"; sourceTree = BUILT_PRODUCTS_DIR; };
		B45164C327E8C81100347409 /* AppDelegate.swift */ = {isa = PBXFileReference; lastKnownFileType = sourcecode.swift; path = AppDelegate.swift; sourceTree = "<group>"; };
		B45164C527E8C81100347409 /* SceneDelegate.swift */ = {isa = PBXFileReference; lastKnownFileType = sourcecode.swift; path = SceneDelegate.swift; sourceTree = "<group>"; };
		B45164C727E8C81100347409 /* ViewController.swift */ = {isa = PBXFileReference; lastKnownFileType = sourcecode.swift; path = ViewController.swift; sourceTree = "<group>"; };
		B45164CA27E8C81100347409 /* Base */ = {isa = PBXFileReference; lastKnownFileType = file.storyboard; name = Base; path = Base.lproj/Main.storyboard; sourceTree = "<group>"; };
		B45164CC27E8C81300347409 /* Assets.xcassets */ = {isa = PBXFileReference; lastKnownFileType = folder.assetcatalog; path = Assets.xcassets; sourceTree = "<group>"; };
		B45164CF27E8C81300347409 /* Base */ = {isa = PBXFileReference; lastKnownFileType = file.storyboard; name = Base; path = Base.lproj/LaunchScreen.storyboard; sourceTree = "<group>"; };
		B45164D127E8C81300347409 /* Info.plist */ = {isa = PBXFileReference; lastKnownFileType = text.plist.xml; path = Info.plist; sourceTree = "<group>"; };
		F5844E77307A1BB36C6D5AF8 /* Pods_Sound_Anywhere.framework */ = {isa = PBXFileReference; explicitFileType = wrapper.framework; includeInIndex = 0; path = Pods_Sound_Anywhere.framework; sourceTree = BUILT_PRODUCTS_DIR; };
		FB8C05D464D295819E7B5611 /* Pods-Sound-Anywhere.debug.xcconfig */ = {isa = PBXFileReference; includeInIndex = 1; lastKnownFileType = text.xcconfig; name = "Pods-Sound-Anywhere.debug.xcconfig"; path = "Target Support Files/Pods-Sound-Anywhere/Pods-Sound-Anywhere.debug.xcconfig"; sourceTree = "<group>"; };
/* End PBXFileReference section */

/* Begin PBXFrameworksBuildPhase section */
		B45164BD27E8C81100347409 /* Frameworks */ = {
			isa = PBXFrameworksBuildPhase;
			buildActionMask = 2147483647;
			files = (
				7FB0BEC2BDF41BD08AF91954 /* Pods_Sound_Anywhere.framework in Frameworks */,
			);
			runOnlyForDeploymentPostprocessing = 0;
		};
/* End PBXFrameworksBuildPhase section */

/* Begin PBXGroup section */
		B45164B727E8C81100347409 = {
			isa = PBXGroup;
			children = (
				B45164C227E8C81100347409 /* Sound-Anywhere */,
				B45164C127E8C81100347409 /* Products */,
				F6096212917CECE416E2B423 /* Pods */,
				C1D1493B6941818B7A88DDB6 /* Frameworks */,
			);
			sourceTree = "<group>";
		};
		B45164C127E8C81100347409 /* Products */ = {
			isa = PBXGroup;
			children = (
				B45164C027E8C81100347409 /* Sound-Anywhere.app */,
			);
			name = Products;
			sourceTree = "<group>";
		};
		B45164C227E8C81100347409 /* Sound-Anywhere */ = {
			isa = PBXGroup;
			children = (
				B45164C327E8C81100347409 /* AppDelegate.swift */,
				B45164C527E8C81100347409 /* SceneDelegate.swift */,
				B45164C727E8C81100347409 /* ViewController.swift */,
				B45164C927E8C81100347409 /* Main.storyboard */,
				B45164CC27E8C81300347409 /* Assets.xcassets */,
				B45164CE27E8C81300347409 /* LaunchScreen.storyboard */,
				B45164D127E8C81300347409 /* Info.plist */,
			);
			path = "Sound-Anywhere";
			sourceTree = "<group>";
		};
		C1D1493B6941818B7A88DDB6 /* Frameworks */ = {
			isa = PBXGroup;
			children = (
				F5844E77307A1BB36C6D5AF8 /* Pods_Sound_Anywhere.framework */,
			);
			name = Frameworks;
			sourceTree = "<group>";
		};
		F6096212917CECE416E2B423 /* Pods */ = {
			isa = PBXGroup;
			children = (
				FB8C05D464D295819E7B5611 /* Pods-Sound-Anywhere.debug.xcconfig */,
				89F9D2C91305C3EFF47AB391 /* Pods-Sound-Anywhere.release.xcconfig */,
			);
			name = Pods;
			path = Pods;
			sourceTree = "<group>";
		};
/* End PBXGroup section */

/* Begin PBXNativeTarget section */
		B45164BF27E8C81100347409 /* Sound-Anywhere */ = {
			isa = PBXNativeTarget;
			buildConfigurationList = B45164D427E8C81300347409 /* Build configuration list for PBXNativeTarget "Sound-Anywhere" */;
			buildPhases = (
				3FA3A246DC8EC36DCCCF658D /* [CP] Check Pods Manifest.lock */,
				B45164BC27E8C81100347409 /* Sources */,
				B45164BD27E8C81100347409 /* Frameworks */,
				B45164BE27E8C81100347409 /* Resources */,
				B477588B27E8C8D700425734 /* ShellScript */,
			);
			buildRules = (
			);
			dependencies = (
			);
			name = "Sound-Anywhere";
			productName = "Sound-Anywhere";
			productReference = B45164C027E8C81100347409 /* Sound-Anywhere.app */;
			productType = "com.apple.product-type.application";
		};
/* End PBXNativeTarget section */

/* Begin PBXProject section */
		B45164B827E8C81100347409 /* Project object */ = {
			isa = PBXProject;
			attributes = {
				BuildIndependentTargetsInParallel = 1;
				LastSwiftUpdateCheck = 1320;
				LastUpgradeCheck = 1320;
				TargetAttributes = {
					B45164BF27E8C81100347409 = {
						CreatedOnToolsVersion = 13.2.1;
					};
				};
			};
			buildConfigurationList = B45164BB27E8C81100347409 /* Build configuration list for PBXProject "Sound-Anywhere" */;
			compatibilityVersion = "Xcode 13.0";
			developmentRegion = en;
			hasScannedForEncodings = 0;
			knownRegions = (
				en,
				Base,
			);
			mainGroup = B45164B727E8C81100347409;
			productRefGroup = B45164C127E8C81100347409 /* Products */;
			projectDirPath = "";
			projectRoot = "";
			targets = (
				B45164BF27E8C81100347409 /* Sound-Anywhere */,
			);
		};
/* End PBXProject section */

/* Begin PBXResourcesBuildPhase section */
		B45164BE27E8C81100347409 /* Resources */ = {
			isa = PBXResourcesBuildPhase;
			buildActionMask = 2147483647;
			files = (
				B45164D027E8C81300347409 /* LaunchScreen.storyboard in Resources */,
				B45164CD27E8C81300347409 /* Assets.xcassets in Resources */,
				B45164CB27E8C81100347409 /* Main.storyboard in Resources */,
			);
			runOnlyForDeploymentPostprocessing = 0;
		};
/* End PBXResourcesBuildPhase section */

/* Begin PBXShellScriptBuildPhase section */
		3FA3A246DC8EC36DCCCF658D /* [CP] Check Pods Manifest.lock */ = {
			isa = PBXShellScriptBuildPhase;
			buildActionMask = 2147483647;
			files = (
			);
			inputFileListPaths = (
			);
			inputPaths = (
				"${PODS_PODFILE_DIR_PATH}/Podfile.lock",
				"${PODS_ROOT}/Manifest.lock",
			);
			name = "[CP] Check Pods Manifest.lock";
			outputFileListPaths = (
			);
			outputPaths = (
				"$(DERIVED_FILE_DIR)/Pods-Sound-Anywhere-checkManifestLockResult.txt",
			);
			runOnlyForDeploymentPostprocessing = 0;
			shellPath = /bin/sh;
			shellScript = "diff \"${PODS_PODFILE_DIR_PATH}/Podfile.lock\" \"${PODS_ROOT}/Manifest.lock\" > /dev/null\nif [ $? != 0 ] ; then\n    # print error to STDERR\n    echo \"error: The sandbox is not in sync with the Podfile.lock. Run 'pod install' or update your CocoaPods installation.\" >&2\n    exit 1\nfi\n# This output is used by Xcode 'outputs' to avoid re-running this script phase.\necho \"SUCCESS\" > \"${SCRIPT_OUTPUT_FILE_0}\"\n";
			showEnvVarsInLog = 0;
		};
		B477588B27E8C8D700425734 /* ShellScript */ = {
			isa = PBXShellScriptBuildPhase;
			buildActionMask = 2147483647;
			files = (
			);
			inputFileListPaths = (
			);
			inputPaths = (
			);
			outputFileListPaths = (
			);
			outputPaths = (
			);
			runOnlyForDeploymentPostprocessing = 0;
			shellPath = /bin/sh;
			shellScript = "${PODS_ROOT}/SwiftLint/swiftlint\n";
		};
/* End PBXShellScriptBuildPhase section */

/* Begin PBXSourcesBuildPhase section */
		B45164BC27E8C81100347409 /* Sources */ = {
			isa = PBXSourcesBuildPhase;
			buildActionMask = 2147483647;
			files = (
				B45164C827E8C81100347409 /* ViewController.swift in Sources */,
				B45164C427E8C81100347409 /* AppDelegate.swift in Sources */,
				B45164C627E8C81100347409 /* SceneDelegate.swift in Sources */,
			);
			runOnlyForDeploymentPostprocessing = 0;
		};
/* End PBXSourcesBuildPhase section */

/* Begin PBXVariantGroup section */
		B45164C927E8C81100347409 /* Main.storyboard */ = {
			isa = PBXVariantGroup;
			children = (
				B45164CA27E8C81100347409 /* Base */,
			);
			name = Main.storyboard;
			sourceTree = "<group>";
		};
		B45164CE27E8C81300347409 /* LaunchScreen.storyboard */ = {
			isa = PBXVariantGroup;
			children = (
				B45164CF27E8C81300347409 /* Base */,
			);
			name = LaunchScreen.storyboard;
			sourceTree = "<group>";
		};
/* End PBXVariantGroup section */

/* Begin XCBuildConfiguration section */
		B45164D227E8C81300347409 /* Debug */ = {
			isa = XCBuildConfiguration;
			buildSettings = {
				ALWAYS_SEARCH_USER_PATHS = NO;
				CLANG_ANALYZER_NONNULL = YES;
				CLANG_ANALYZER_NUMBER_OBJECT_CONVERSION = YES_AGGRESSIVE;
				CLANG_CXX_LANGUAGE_STANDARD = "gnu++17";
				CLANG_CXX_LIBRARY = "libc++";
				CLANG_ENABLE_MODULES = YES;
				CLANG_ENABLE_OBJC_ARC = YES;
				CLANG_ENABLE_OBJC_WEAK = YES;
				CLANG_WARN_BLOCK_CAPTURE_AUTORELEASING = YES;
				CLANG_WARN_BOOL_CONVERSION = YES;
				CLANG_WARN_COMMA = YES;
				CLANG_WARN_CONSTANT_CONVERSION = YES;
				CLANG_WARN_DEPRECATED_OBJC_IMPLEMENTATIONS = YES;
				CLANG_WARN_DIRECT_OBJC_ISA_USAGE = YES_ERROR;
				CLANG_WARN_DOCUMENTATION_COMMENTS = YES;
				CLANG_WARN_EMPTY_BODY = YES;
				CLANG_WARN_ENUM_CONVERSION = YES;
				CLANG_WARN_INFINITE_RECURSION = YES;
				CLANG_WARN_INT_CONVERSION = YES;
				CLANG_WARN_NON_LITERAL_NULL_CONVERSION = YES;
				CLANG_WARN_OBJC_IMPLICIT_RETAIN_SELF = YES;
				CLANG_WARN_OBJC_LITERAL_CONVERSION = YES;
				CLANG_WARN_OBJC_ROOT_CLASS = YES_ERROR;
				CLANG_WARN_QUOTED_INCLUDE_IN_FRAMEWORK_HEADER = YES;
				CLANG_WARN_RANGE_LOOP_ANALYSIS = YES;
				CLANG_WARN_STRICT_PROTOTYPES = YES;
				CLANG_WARN_SUSPICIOUS_MOVE = YES;
				CLANG_WARN_UNGUARDED_AVAILABILITY = YES_AGGRESSIVE;
				CLANG_WARN_UNREACHABLE_CODE = YES;
				CLANG_WARN__DUPLICATE_METHOD_MATCH = YES;
				COPY_PHASE_STRIP = NO;
				DEBUG_INFORMATION_FORMAT = dwarf;
				ENABLE_STRICT_OBJC_MSGSEND = YES;
				ENABLE_TESTABILITY = YES;
				GCC_C_LANGUAGE_STANDARD = gnu11;
				GCC_DYNAMIC_NO_PIC = NO;
				GCC_NO_COMMON_BLOCKS = YES;
				GCC_OPTIMIZATION_LEVEL = 0;
				GCC_PREPROCESSOR_DEFINITIONS = (
					"DEBUG=1",
					"$(inherited)",
				);
				GCC_WARN_64_TO_32_BIT_CONVERSION = YES;
				GCC_WARN_ABOUT_RETURN_TYPE = YES_ERROR;
				GCC_WARN_UNDECLARED_SELECTOR = YES;
				GCC_WARN_UNINITIALIZED_AUTOS = YES_AGGRESSIVE;
				GCC_WARN_UNUSED_FUNCTION = YES;
				GCC_WARN_UNUSED_VARIABLE = YES;
				IPHONEOS_DEPLOYMENT_TARGET = 15.2;
				MTL_ENABLE_DEBUG_INFO = INCLUDE_SOURCE;
				MTL_FAST_MATH = YES;
				ONLY_ACTIVE_ARCH = YES;
				SDKROOT = iphoneos;
				SWIFT_ACTIVE_COMPILATION_CONDITIONS = DEBUG;
				SWIFT_OPTIMIZATION_LEVEL = "-Onone";
			};
			name = Debug;
		};
		B45164D327E8C81300347409 /* Release */ = {
			isa = XCBuildConfiguration;
			buildSettings = {
				ALWAYS_SEARCH_USER_PATHS = NO;
				CLANG_ANALYZER_NONNULL = YES;
				CLANG_ANALYZER_NUMBER_OBJECT_CONVERSION = YES_AGGRESSIVE;
				CLANG_CXX_LANGUAGE_STANDARD = "gnu++17";
				CLANG_CXX_LIBRARY = "libc++";
				CLANG_ENABLE_MODULES = YES;
				CLANG_ENABLE_OBJC_ARC = YES;
				CLANG_ENABLE_OBJC_WEAK = YES;
				CLANG_WARN_BLOCK_CAPTURE_AUTORELEASING = YES;
				CLANG_WARN_BOOL_CONVERSION = YES;
				CLANG_WARN_COMMA = YES;
				CLANG_WARN_CONSTANT_CONVERSION = YES;
				CLANG_WARN_DEPRECATED_OBJC_IMPLEMENTATIONS = YES;
				CLANG_WARN_DIRECT_OBJC_ISA_USAGE = YES_ERROR;
				CLANG_WARN_DOCUMENTATION_COMMENTS = YES;
				CLANG_WARN_EMPTY_BODY = YES;
				CLANG_WARN_ENUM_CONVERSION = YES;
				CLANG_WARN_INFINITE_RECURSION = YES;
				CLANG_WARN_INT_CONVERSION = YES;
				CLANG_WARN_NON_LITERAL_NULL_CONVERSION = YES;
				CLANG_WARN_OBJC_IMPLICIT_RETAIN_SELF = YES;
				CLANG_WARN_OBJC_LITERAL_CONVERSION = YES;
				CLANG_WARN_OBJC_ROOT_CLASS = YES_ERROR;
				CLANG_WARN_QUOTED_INCLUDE_IN_FRAMEWORK_HEADER = YES;
				CLANG_WARN_RANGE_LOOP_ANALYSIS = YES;
				CLANG_WARN_STRICT_PROTOTYPES = YES;
				CLANG_WARN_SUSPICIOUS_MOVE = YES;
				CLANG_WARN_UNGUARDED_AVAILABILITY = YES_AGGRESSIVE;
				CLANG_WARN_UNREACHABLE_CODE = YES;
				CLANG_WARN__DUPLICATE_METHOD_MATCH = YES;
				COPY_PHASE_STRIP = NO;
				DEBUG_INFORMATION_FORMAT = "dwarf-with-dsym";
				ENABLE_NS_ASSERTIONS = NO;
				ENABLE_STRICT_OBJC_MSGSEND = YES;
				GCC_C_LANGUAGE_STANDARD = gnu11;
				GCC_NO_COMMON_BLOCKS = YES;
				GCC_WARN_64_TO_32_BIT_CONVERSION = YES;
				GCC_WARN_ABOUT_RETURN_TYPE = YES_ERROR;
				GCC_WARN_UNDECLARED_SELECTOR = YES;
				GCC_WARN_UNINITIALIZED_AUTOS = YES_AGGRESSIVE;
				GCC_WARN_UNUSED_FUNCTION = YES;
				GCC_WARN_UNUSED_VARIABLE = YES;
				IPHONEOS_DEPLOYMENT_TARGET = 15.2;
				MTL_ENABLE_DEBUG_INFO = NO;
				MTL_FAST_MATH = YES;
				SDKROOT = iphoneos;
				SWIFT_COMPILATION_MODE = wholemodule;
				SWIFT_OPTIMIZATION_LEVEL = "-O";
				VALIDATE_PRODUCT = YES;
			};
			name = Release;
		};
		B45164D527E8C81300347409 /* Debug */ = {
			isa = XCBuildConfiguration;
			baseConfigurationReference = FB8C05D464D295819E7B5611 /* Pods-Sound-Anywhere.debug.xcconfig */;
			buildSettings = {
				ASSETCATALOG_COMPILER_APPICON_NAME = AppIcon;
				ASSETCATALOG_COMPILER_GLOBAL_ACCENT_COLOR_NAME = AccentColor;
				CODE_SIGN_STYLE = Automatic;
				CURRENT_PROJECT_VERSION = 1;
				DEVELOPMENT_TEAM = CD8LU925FT;
				GENERATE_INFOPLIST_FILE = YES;
				INFOPLIST_FILE = "Sound-Anywhere/Info.plist";
				INFOPLIST_KEY_UIApplicationSupportsIndirectInputEvents = YES;
				INFOPLIST_KEY_UILaunchStoryboardName = LaunchScreen;
				INFOPLIST_KEY_UIMainStoryboardFile = Main;
				INFOPLIST_KEY_UISupportedInterfaceOrientations_iPad = "UIInterfaceOrientationPortrait UIInterfaceOrientationPortraitUpsideDown UIInterfaceOrientationLandscapeLeft UIInterfaceOrientationLandscapeRight";
				INFOPLIST_KEY_UISupportedInterfaceOrientations_iPhone = "UIInterfaceOrientationPortrait UIInterfaceOrientationLandscapeLeft UIInterfaceOrientationLandscapeRight";
				LD_RUNPATH_SEARCH_PATHS = (
					"$(inherited)",
					"@executable_path/Frameworks",
				);
				MARKETING_VERSION = 1.0;
				PRODUCT_BUNDLE_IDENTIFIER = "com.Homunculus.Sound-Anywhere";
				PRODUCT_NAME = "$(TARGET_NAME)";
				SWIFT_EMIT_LOC_STRINGS = YES;
				SWIFT_VERSION = 5.0;
				TARGETED_DEVICE_FAMILY = "1,2";
			};
			name = Debug;
		};
		B45164D627E8C81300347409 /* Release */ = {
			isa = XCBuildConfiguration;
			baseConfigurationReference = 89F9D2C91305C3EFF47AB391 /* Pods-Sound-Anywhere.release.xcconfig */;
			buildSettings = {
				ASSETCATALOG_COMPILER_APPICON_NAME = AppIcon;
				ASSETCATALOG_COMPILER_GLOBAL_ACCENT_COLOR_NAME = AccentColor;
				CODE_SIGN_STYLE = Automatic;
				CURRENT_PROJECT_VERSION = 1;
				DEVELOPMENT_TEAM = CD8LU925FT;
				GENERATE_INFOPLIST_FILE = YES;
				INFOPLIST_FILE = "Sound-Anywhere/Info.plist";
				INFOPLIST_KEY_UIApplicationSupportsIndirectInputEvents = YES;
				INFOPLIST_KEY_UILaunchStoryboardName = LaunchScreen;
				INFOPLIST_KEY_UIMainStoryboardFile = Main;
				INFOPLIST_KEY_UISupportedInterfaceOrientations_iPad = "UIInterfaceOrientationPortrait UIInterfaceOrientationPortraitUpsideDown UIInterfaceOrientationLandscapeLeft UIInterfaceOrientationLandscapeRight";
				INFOPLIST_KEY_UISupportedInterfaceOrientations_iPhone = "UIInterfaceOrientationPortrait UIInterfaceOrientationLandscapeLeft UIInterfaceOrientationLandscapeRight";
				LD_RUNPATH_SEARCH_PATHS = (
					"$(inherited)",
					"@executable_path/Frameworks",
				);
				MARKETING_VERSION = 1.0;
				PRODUCT_BUNDLE_IDENTIFIER = "com.Homunculus.Sound-Anywhere";
				PRODUCT_NAME = "$(TARGET_NAME)";
				SWIFT_EMIT_LOC_STRINGS = YES;
				SWIFT_VERSION = 5.0;
				TARGETED_DEVICE_FAMILY = "1,2";
			};
			name = Release;
		};
/* End XCBuildConfiguration section */

/* Begin XCConfigurationList section */
		B45164BB27E8C81100347409 /* Build configuration list for PBXProject "Sound-Anywhere" */ = {
			isa = XCConfigurationList;
			buildConfigurations = (
				B45164D227E8C81300347409 /* Debug */,
				B45164D327E8C81300347409 /* Release */,
			);
			defaultConfigurationIsVisible = 0;
			defaultConfigurationName = Release;
		};
		B45164D427E8C81300347409 /* Build configuration list for PBXNativeTarget "Sound-Anywhere" */ = {
			isa = XCConfigurationList;
			buildConfigurations = (
				B45164D527E8C81300347409 /* Debug */,
				B45164D627E8C81300347409 /* Release */,
			);
			defaultConfigurationIsVisible = 0;
			defaultConfigurationName = Release;
		};
/* End XCConfigurationList section */
	};
	rootObject = B45164B827E8C81100347409 /* Project object */;
}
