// !$*UTF8*$!
{
	archiveVersion = 1;
	classes = {
	};
	objectVersion = 55;
	objects = {

/* Begin PBXBuildFile section */
		B408BDA2282D7A8800044B81 /* Common.framework in Frameworks */ = {isa = PBXBuildFile; fileRef = B408BD7C282C3FE600044B81 /* Common.framework */; };
		B408BDA3282D7A8800044B81 /* Common.framework in Embed Frameworks */ = {isa = PBXBuildFile; fileRef = B408BD7C282C3FE600044B81 /* Common.framework */; settings = {ATTRIBUTES = (CodeSignOnCopy, RemoveHeadersOnCopy, ); }; };
		B408BDA6282D7A8C00044B81 /* Data.framework in Frameworks */ = {isa = PBXBuildFile; fileRef = B408BDA5282D7A8C00044B81 /* Data.framework */; };
		B408BDA7282D7A8C00044B81 /* Data.framework in Embed Frameworks */ = {isa = PBXBuildFile; fileRef = B408BDA5282D7A8C00044B81 /* Data.framework */; settings = {ATTRIBUTES = (CodeSignOnCopy, RemoveHeadersOnCopy, ); }; };
		B408BDA9282D7A9000044B81 /* Domain.framework in Frameworks */ = {isa = PBXBuildFile; fileRef = B408BDA8282D7A9000044B81 /* Domain.framework */; };
		B408BDAA282D7A9000044B81 /* Domain.framework in Embed Frameworks */ = {isa = PBXBuildFile; fileRef = B408BDA8282D7A9000044B81 /* Domain.framework */; settings = {ATTRIBUTES = (CodeSignOnCopy, RemoveHeadersOnCopy, ); }; };
		B408BDAC282D7A9300044B81 /* Presentation.framework in Frameworks */ = {isa = PBXBuildFile; fileRef = B408BDAB282D7A9300044B81 /* Presentation.framework */; };
		B408BDAD282D7A9300044B81 /* Presentation.framework in Embed Frameworks */ = {isa = PBXBuildFile; fileRef = B408BDAB282D7A9300044B81 /* Presentation.framework */; settings = {ATTRIBUTES = (CodeSignOnCopy, RemoveHeadersOnCopy, ); }; };
		B408BDAF282D7A9700044B81 /* Resource.framework in Frameworks */ = {isa = PBXBuildFile; fileRef = B408BDAE282D7A9700044B81 /* Resource.framework */; };
		B408BDB0282D7A9700044B81 /* Resource.framework in Embed Frameworks */ = {isa = PBXBuildFile; fileRef = B408BDAE282D7A9700044B81 /* Resource.framework */; settings = {ATTRIBUTES = (CodeSignOnCopy, RemoveHeadersOnCopy, ); }; };
		B408BE332831348500044B81 /* RxCommon.framework in Frameworks */ = {isa = PBXBuildFile; fileRef = B408BE322831348500044B81 /* RxCommon.framework */; };
		B408BE342831348500044B81 /* RxCommon.framework in Embed Frameworks */ = {isa = PBXBuildFile; fileRef = B408BE322831348500044B81 /* RxCommon.framework */; settings = {ATTRIBUTES = (CodeSignOnCopy, RemoveHeadersOnCopy, ); }; };
		B408BF3E2832300400044B81 /* RxPackage.framework in Frameworks */ = {isa = PBXBuildFile; fileRef = B408BF3D2832300400044B81 /* RxPackage.framework */; };
		B408BF3F2832300400044B81 /* RxPackage.framework in Embed Frameworks */ = {isa = PBXBuildFile; fileRef = B408BF3D2832300400044B81 /* RxPackage.framework */; settings = {ATTRIBUTES = (CodeSignOnCopy, RemoveHeadersOnCopy, ); }; };
		B45164C427E8C81100347409 /* AppDelegate.swift in Sources */ = {isa = PBXBuildFile; fileRef = B45164C327E8C81100347409 /* AppDelegate.swift */; };
		B45164C627E8C81100347409 /* SceneDelegate.swift in Sources */ = {isa = PBXBuildFile; fileRef = B45164C527E8C81100347409 /* SceneDelegate.swift */; };
		B45164D027E8C81300347409 /* LaunchScreen.storyboard in Resources */ = {isa = PBXBuildFile; fileRef = B45164CE27E8C81300347409 /* LaunchScreen.storyboard */; };
		B4E8D1AD280BEA8D003EEFFC /* GoogleService-Info.plist in Resources */ = {isa = PBXBuildFile; fileRef = B4E8D1AC280BEA8D003EEFFC /* GoogleService-Info.plist */; };
/* End PBXBuildFile section */

/* Begin PBXCopyFilesBuildPhase section */
		B408BDA4282D7A8800044B81 /* Embed Frameworks */ = {
			isa = PBXCopyFilesBuildPhase;
			buildActionMask = 2147483647;
			dstPath = "";
			dstSubfolderSpec = 10;
			files = (
				B408BDAA282D7A9000044B81 /* Domain.framework in Embed Frameworks */,
				B408BDA7282D7A8C00044B81 /* Data.framework in Embed Frameworks */,
				B408BDAD282D7A9300044B81 /* Presentation.framework in Embed Frameworks */,
				B408BDA3282D7A8800044B81 /* Common.framework in Embed Frameworks */,
				B408BDB0282D7A9700044B81 /* Resource.framework in Embed Frameworks */,
				B408BF3F2832300400044B81 /* RxPackage.framework in Embed Frameworks */,
				B408BE342831348500044B81 /* RxCommon.framework in Embed Frameworks */,
			);
			name = "Embed Frameworks";
			runOnlyForDeploymentPostprocessing = 0;
		};
/* End PBXCopyFilesBuildPhase section */

/* Begin PBXFileReference section */
		B408BD7C282C3FE600044B81 /* Common.framework */ = {isa = PBXFileReference; explicitFileType = wrapper.framework; path = Common.framework; sourceTree = BUILT_PRODUCTS_DIR; };
		B408BDA5282D7A8C00044B81 /* Data.framework */ = {isa = PBXFileReference; explicitFileType = wrapper.framework; path = Data.framework; sourceTree = BUILT_PRODUCTS_DIR; };
		B408BDA8282D7A9000044B81 /* Domain.framework */ = {isa = PBXFileReference; explicitFileType = wrapper.framework; path = Domain.framework; sourceTree = BUILT_PRODUCTS_DIR; };
		B408BDAB282D7A9300044B81 /* Presentation.framework */ = {isa = PBXFileReference; explicitFileType = wrapper.framework; path = Presentation.framework; sourceTree = BUILT_PRODUCTS_DIR; };
		B408BDAE282D7A9700044B81 /* Resource.framework */ = {isa = PBXFileReference; explicitFileType = wrapper.framework; path = Resource.framework; sourceTree = BUILT_PRODUCTS_DIR; };
		B408BE322831348500044B81 /* RxCommon.framework */ = {isa = PBXFileReference; explicitFileType = wrapper.framework; path = RxCommon.framework; sourceTree = BUILT_PRODUCTS_DIR; };
		B408BF3D2832300400044B81 /* RxPackage.framework */ = {isa = PBXFileReference; explicitFileType = wrapper.framework; path = RxPackage.framework; sourceTree = BUILT_PRODUCTS_DIR; };
		B45164C027E8C81100347409 /* Sound-Anywhere.app */ = {isa = PBXFileReference; explicitFileType = wrapper.application; includeInIndex = 0; path = "Sound-Anywhere.app"; sourceTree = BUILT_PRODUCTS_DIR; };
		B45164C327E8C81100347409 /* AppDelegate.swift */ = {isa = PBXFileReference; lastKnownFileType = sourcecode.swift; path = AppDelegate.swift; sourceTree = "<group>"; };
		B45164C527E8C81100347409 /* SceneDelegate.swift */ = {isa = PBXFileReference; lastKnownFileType = sourcecode.swift; path = SceneDelegate.swift; sourceTree = "<group>"; };
		B45164CF27E8C81300347409 /* Base */ = {isa = PBXFileReference; lastKnownFileType = file.storyboard; name = Base; path = Base.lproj/LaunchScreen.storyboard; sourceTree = "<group>"; };
		B45164D127E8C81300347409 /* Info.plist */ = {isa = PBXFileReference; lastKnownFileType = text.plist.xml; path = Info.plist; sourceTree = "<group>"; };
		B47758A027E8D01700425734 /* Sound-Anywhere.entitlements */ = {isa = PBXFileReference; lastKnownFileType = text.plist.entitlements; path = "Sound-Anywhere.entitlements"; sourceTree = "<group>"; };
		B4E8D1AC280BEA8D003EEFFC /* GoogleService-Info.plist */ = {isa = PBXFileReference; lastKnownFileType = text.plist; path = "GoogleService-Info.plist"; sourceTree = SOURCE_ROOT; };
/* End PBXFileReference section */

/* Begin PBXFrameworksBuildPhase section */
		B45164BD27E8C81100347409 /* Frameworks */ = {
			isa = PBXFrameworksBuildPhase;
			buildActionMask = 2147483647;
			files = (
				B408BDA9282D7A9000044B81 /* Domain.framework in Frameworks */,
				B408BDA6282D7A8C00044B81 /* Data.framework in Frameworks */,
				B408BDAC282D7A9300044B81 /* Presentation.framework in Frameworks */,
				B408BDA2282D7A8800044B81 /* Common.framework in Frameworks */,
				B408BDAF282D7A9700044B81 /* Resource.framework in Frameworks */,
				B408BF3E2832300400044B81 /* RxPackage.framework in Frameworks */,
				B408BE332831348500044B81 /* RxCommon.framework in Frameworks */,
			);
			runOnlyForDeploymentPostprocessing = 0;
		};
/* End PBXFrameworksBuildPhase section */

/* Begin PBXGroup section */
		B45164B727E8C81100347409 = {
			isa = PBXGroup;
			children = (
				B45164C227E8C81100347409 /* Sound-Anywhere */,
				B45164C127E8C81100347409 /* Products */,
				C1D1493B6941818B7A88DDB6 /* Frameworks */,
			);
			sourceTree = "<group>";
		};
		B45164C127E8C81100347409 /* Products */ = {
			isa = PBXGroup;
			children = (
				B45164C027E8C81100347409 /* Sound-Anywhere.app */,
			);
			name = Products;
			sourceTree = "<group>";
		};
		B45164C227E8C81100347409 /* Sound-Anywhere */ = {
			isa = PBXGroup;
			children = (
				B47758A027E8D01700425734 /* Sound-Anywhere.entitlements */,
				B45164C327E8C81100347409 /* AppDelegate.swift */,
				B45164C527E8C81100347409 /* SceneDelegate.swift */,
				B45164CE27E8C81300347409 /* LaunchScreen.storyboard */,
				B45164D127E8C81300347409 /* Info.plist */,
				B4E8D1AC280BEA8D003EEFFC /* GoogleService-Info.plist */,
			);
			path = "Sound-Anywhere";
			sourceTree = "<group>";
		};
		C1D1493B6941818B7A88DDB6 /* Frameworks */ = {
			isa = PBXGroup;
			children = (
				B408BF3D2832300400044B81 /* RxPackage.framework */,
				B408BE322831348500044B81 /* RxCommon.framework */,
				B408BDAE282D7A9700044B81 /* Resource.framework */,
				B408BDAB282D7A9300044B81 /* Presentation.framework */,
				B408BDA8282D7A9000044B81 /* Domain.framework */,
				B408BDA5282D7A8C00044B81 /* Data.framework */,
				B408BD7C282C3FE600044B81 /* Common.framework */,
			);
			name = Frameworks;
			sourceTree = "<group>";
		};
/* End PBXGroup section */

/* Begin PBXNativeTarget section */
		B45164BF27E8C81100347409 /* Sound-Anywhere */ = {
			isa = PBXNativeTarget;
			buildConfigurationList = B45164D427E8C81300347409 /* Build configuration list for PBXNativeTarget "Sound-Anywhere" */;
			buildPhases = (
				B45164BC27E8C81100347409 /* Sources */,
				B45164BD27E8C81100347409 /* Frameworks */,
				B45164BE27E8C81100347409 /* Resources */,
				B408BDA4282D7A8800044B81 /* Embed Frameworks */,
			);
			buildRules = (
			);
			dependencies = (
			);
			name = "Sound-Anywhere";
			packageProductDependencies = (
			);
			productName = "Sound-Anywhere";
			productReference = B45164C027E8C81100347409 /* Sound-Anywhere.app */;
			productType = "com.apple.product-type.application";
		};
/* End PBXNativeTarget section */

/* Begin PBXProject section */
		B45164B827E8C81100347409 /* Project object */ = {
			isa = PBXProject;
			attributes = {
				BuildIndependentTargetsInParallel = 1;
				LastSwiftUpdateCheck = 1320;
				LastUpgradeCheck = 1320;
				TargetAttributes = {
					B45164BF27E8C81100347409 = {
						CreatedOnToolsVersion = 13.2.1;
					};
				};
			};
			buildConfigurationList = B45164BB27E8C81100347409 /* Build configuration list for PBXProject "Sound-Anywhere" */;
			compatibilityVersion = "Xcode 13.0";
			developmentRegion = en;
			hasScannedForEncodings = 0;
			knownRegions = (
				en,
				Base,
			);
			mainGroup = B45164B727E8C81100347409;
			packageReferences = (
			);
			productRefGroup = B45164C127E8C81100347409 /* Products */;
			projectDirPath = "";
			projectRoot = "";
			targets = (
				B45164BF27E8C81100347409 /* Sound-Anywhere */,
			);
		};
/* End PBXProject section */

/* Begin PBXResourcesBuildPhase section */
		B45164BE27E8C81100347409 /* Resources */ = {
			isa = PBXResourcesBuildPhase;
			buildActionMask = 2147483647;
			files = (
				B45164D027E8C81300347409 /* LaunchScreen.storyboard in Resources */,
				B4E8D1AD280BEA8D003EEFFC /* GoogleService-Info.plist in Resources */,
			);
			runOnlyForDeploymentPostprocessing = 0;
		};
/* End PBXResourcesBuildPhase section */

/* Begin PBXSourcesBuildPhase section */
		B45164BC27E8C81100347409 /* Sources */ = {
			isa = PBXSourcesBuildPhase;
			buildActionMask = 2147483647;
			files = (
				B45164C427E8C81100347409 /* AppDelegate.swift in Sources */,
				B45164C627E8C81100347409 /* SceneDelegate.swift in Sources */,
			);
			runOnlyForDeploymentPostprocessing = 0;
		};
/* End PBXSourcesBuildPhase section */

/* Begin PBXVariantGroup section */
		B45164CE27E8C81300347409 /* LaunchScreen.storyboard */ = {
			isa = PBXVariantGroup;
			children = (
				B45164CF27E8C81300347409 /* Base */,
			);
			name = LaunchScreen.storyboard;
			sourceTree = "<group>";
		};
/* End PBXVariantGroup section */

/* Begin XCBuildConfiguration section */
		B45164D227E8C81300347409 /* Debug */ = {
			isa = XCBuildConfiguration;
			buildSettings = {
				ALWAYS_SEARCH_USER_PATHS = NO;
				CLANG_ANALYZER_NONNULL = YES;
				CLANG_ANALYZER_NUMBER_OBJECT_CONVERSION = YES_AGGRESSIVE;
				CLANG_CXX_LANGUAGE_STANDARD = "gnu++17";
				CLANG_CXX_LIBRARY = "libc++";
				CLANG_ENABLE_MODULES = YES;
				CLANG_ENABLE_OBJC_ARC = YES;
				CLANG_ENABLE_OBJC_WEAK = YES;
				CLANG_WARN_BLOCK_CAPTURE_AUTORELEASING = YES;
				CLANG_WARN_BOOL_CONVERSION = YES;
				CLANG_WARN_COMMA = YES;
				CLANG_WARN_CONSTANT_CONVERSION = YES;
				CLANG_WARN_DEPRECATED_OBJC_IMPLEMENTATIONS = YES;
				CLANG_WARN_DIRECT_OBJC_ISA_USAGE = YES_ERROR;
				CLANG_WARN_DOCUMENTATION_COMMENTS = YES;
				CLANG_WARN_EMPTY_BODY = YES;
				CLANG_WARN_ENUM_CONVERSION = YES;
				CLANG_WARN_INFINITE_RECURSION = YES;
				CLANG_WARN_INT_CONVERSION = YES;
				CLANG_WARN_NON_LITERAL_NULL_CONVERSION = YES;
				CLANG_WARN_OBJC_IMPLICIT_RETAIN_SELF = YES;
				CLANG_WARN_OBJC_LITERAL_CONVERSION = YES;
				CLANG_WARN_OBJC_ROOT_CLASS = YES_ERROR;
				CLANG_WARN_QUOTED_INCLUDE_IN_FRAMEWORK_HEADER = YES;
				CLANG_WARN_RANGE_LOOP_ANALYSIS = YES;
				CLANG_WARN_STRICT_PROTOTYPES = YES;
				CLANG_WARN_SUSPICIOUS_MOVE = YES;
				CLANG_WARN_UNGUARDED_AVAILABILITY = YES_AGGRESSIVE;
				CLANG_WARN_UNREACHABLE_CODE = YES;
				CLANG_WARN__DUPLICATE_METHOD_MATCH = YES;
				COPY_PHASE_STRIP = NO;
				DEBUG_INFORMATION_FORMAT = dwarf;
				ENABLE_STRICT_OBJC_MSGSEND = YES;
				ENABLE_TESTABILITY = YES;
				GCC_C_LANGUAGE_STANDARD = gnu11;
				GCC_DYNAMIC_NO_PIC = NO;
				GCC_NO_COMMON_BLOCKS = YES;
				GCC_OPTIMIZATION_LEVEL = 0;
				GCC_PREPROCESSOR_DEFINITIONS = (
					"DEBUG=1",
					"$(inherited)",
				);
				GCC_WARN_64_TO_32_BIT_CONVERSION = YES;
				GCC_WARN_ABOUT_RETURN_TYPE = YES_ERROR;
				GCC_WARN_UNDECLARED_SELECTOR = YES;
				GCC_WARN_UNINITIALIZED_AUTOS = YES_AGGRESSIVE;
				GCC_WARN_UNUSED_FUNCTION = YES;
				GCC_WARN_UNUSED_VARIABLE = YES;
				IPHONEOS_DEPLOYMENT_TARGET = 15.2;
				MTL_ENABLE_DEBUG_INFO = INCLUDE_SOURCE;
				MTL_FAST_MATH = YES;
				ONLY_ACTIVE_ARCH = YES;
				SDKROOT = iphoneos;
				SWIFT_ACTIVE_COMPILATION_CONDITIONS = DEBUG;
				SWIFT_OPTIMIZATION_LEVEL = "-Onone";
			};
			name = Debug;
		};
		B45164D327E8C81300347409 /* Release */ = {
			isa = XCBuildConfiguration;
			buildSettings = {
				ALWAYS_SEARCH_USER_PATHS = NO;
				CLANG_ANALYZER_NONNULL = YES;
				CLANG_ANALYZER_NUMBER_OBJECT_CONVERSION = YES_AGGRESSIVE;
				CLANG_CXX_LANGUAGE_STANDARD = "gnu++17";
				CLANG_CXX_LIBRARY = "libc++";
				CLANG_ENABLE_MODULES = YES;
				CLANG_ENABLE_OBJC_ARC = YES;
				CLANG_ENABLE_OBJC_WEAK = YES;
				CLANG_WARN_BLOCK_CAPTURE_AUTORELEASING = YES;
				CLANG_WARN_BOOL_CONVERSION = YES;
				CLANG_WARN_COMMA = YES;
				CLANG_WARN_CONSTANT_CONVERSION = YES;
				CLANG_WARN_DEPRECATED_OBJC_IMPLEMENTATIONS = YES;
				CLANG_WARN_DIRECT_OBJC_ISA_USAGE = YES_ERROR;
				CLANG_WARN_DOCUMENTATION_COMMENTS = YES;
				CLANG_WARN_EMPTY_BODY = YES;
				CLANG_WARN_ENUM_CONVERSION = YES;
				CLANG_WARN_INFINITE_RECURSION = YES;
				CLANG_WARN_INT_CONVERSION = YES;
				CLANG_WARN_NON_LITERAL_NULL_CONVERSION = YES;
				CLANG_WARN_OBJC_IMPLICIT_RETAIN_SELF = YES;
				CLANG_WARN_OBJC_LITERAL_CONVERSION = YES;
				CLANG_WARN_OBJC_ROOT_CLASS = YES_ERROR;
				CLANG_WARN_QUOTED_INCLUDE_IN_FRAMEWORK_HEADER = YES;
				CLANG_WARN_RANGE_LOOP_ANALYSIS = YES;
				CLANG_WARN_STRICT_PROTOTYPES = YES;
				CLANG_WARN_SUSPICIOUS_MOVE = YES;
				CLANG_WARN_UNGUARDED_AVAILABILITY = YES_AGGRESSIVE;
				CLANG_WARN_UNREACHABLE_CODE = YES;
				CLANG_WARN__DUPLICATE_METHOD_MATCH = YES;
				COPY_PHASE_STRIP = NO;
				DEBUG_INFORMATION_FORMAT = "dwarf-with-dsym";
				ENABLE_NS_ASSERTIONS = NO;
				ENABLE_STRICT_OBJC_MSGSEND = YES;
				GCC_C_LANGUAGE_STANDARD = gnu11;
				GCC_NO_COMMON_BLOCKS = YES;
				GCC_WARN_64_TO_32_BIT_CONVERSION = YES;
				GCC_WARN_ABOUT_RETURN_TYPE = YES_ERROR;
				GCC_WARN_UNDECLARED_SELECTOR = YES;
				GCC_WARN_UNINITIALIZED_AUTOS = YES_AGGRESSIVE;
				GCC_WARN_UNUSED_FUNCTION = YES;
				GCC_WARN_UNUSED_VARIABLE = YES;
				IPHONEOS_DEPLOYMENT_TARGET = 15.2;
				MTL_ENABLE_DEBUG_INFO = NO;
				MTL_FAST_MATH = YES;
				SDKROOT = iphoneos;
				SWIFT_COMPILATION_MODE = wholemodule;
				SWIFT_OPTIMIZATION_LEVEL = "-O";
				VALIDATE_PRODUCT = YES;
			};
			name = Release;
		};
		B45164D527E8C81300347409 /* Debug */ = {
			isa = XCBuildConfiguration;
			buildSettings = {
				ASSETCATALOG_COMPILER_APPICON_NAME = AppIcon;
				ASSETCATALOG_COMPILER_GLOBAL_ACCENT_COLOR_NAME = AccentColor;
				CODE_SIGN_ENTITLEMENTS = "Sound-Anywhere/Sound-Anywhere.entitlements";
				CODE_SIGN_IDENTITY = "iPhone Developer: hyunsik Oh (Y9X9G3NJ3W)";
				CODE_SIGN_STYLE = Manual;
				CURRENT_PROJECT_VERSION = 1;
				DEVELOPMENT_TEAM = CD8LU925FT;
				ENABLE_BITCODE = NO;
				GENERATE_INFOPLIST_FILE = YES;
				INFOPLIST_FILE = "Sound-Anywhere/Info.plist";
				INFOPLIST_KEY_UIApplicationSupportsIndirectInputEvents = YES;
				INFOPLIST_KEY_UILaunchStoryboardName = LaunchScreen;
				INFOPLIST_KEY_UIMainStoryboardFile = LaunchScreen;
				INFOPLIST_KEY_UISupportedInterfaceOrientations_iPad = "UIInterfaceOrientationPortrait UIInterfaceOrientationPortraitUpsideDown UIInterfaceOrientationLandscapeLeft UIInterfaceOrientationLandscapeRight";
				INFOPLIST_KEY_UISupportedInterfaceOrientations_iPhone = "UIInterfaceOrientationPortrait UIInterfaceOrientationLandscapeLeft UIInterfaceOrientationLandscapeRight";
				IPHONEOS_DEPLOYMENT_TARGET = 13.0;
				LD_RUNPATH_SEARCH_PATHS = (
					"$(inherited)",
					"@executable_path/Frameworks",
				);
				MARKETING_VERSION = 1.0;
				PRODUCT_BUNDLE_IDENTIFIER = "com.Homunculus.Sound-Anywhere";
				PRODUCT_NAME = "$(TARGET_NAME)";
				PROVISIONING_PROFILE_SPECIFIER = dev_SoundAnywhere;
				SWIFT_EMIT_LOC_STRINGS = YES;
				SWIFT_VERSION = 5.0;
				TARGETED_DEVICE_FAMILY = "1,2";
			};
			name = Debug;
		};
		B45164D627E8C81300347409 /* Release */ = {
			isa = XCBuildConfiguration;
			buildSettings = {
				ASSETCATALOG_COMPILER_APPICON_NAME = AppIcon;
				ASSETCATALOG_COMPILER_GLOBAL_ACCENT_COLOR_NAME = AccentColor;
				CODE_SIGN_ENTITLEMENTS = "Sound-Anywhere/Sound-Anywhere.entitlements";
				CODE_SIGN_IDENTITY = "iPhone Distribution: hyunsik Oh (CD8LU925FT)";
				CODE_SIGN_STYLE = Manual;
				CURRENT_PROJECT_VERSION = 1;
				DEVELOPMENT_TEAM = CD8LU925FT;
				ENABLE_BITCODE = NO;
				GENERATE_INFOPLIST_FILE = YES;
				INFOPLIST_FILE = "Sound-Anywhere/Info.plist";
				INFOPLIST_KEY_UIApplicationSupportsIndirectInputEvents = YES;
				INFOPLIST_KEY_UILaunchStoryboardName = LaunchScreen;
				INFOPLIST_KEY_UIMainStoryboardFile = LaunchScreen;
				INFOPLIST_KEY_UISupportedInterfaceOrientations_iPad = "UIInterfaceOrientationPortrait UIInterfaceOrientationPortraitUpsideDown UIInterfaceOrientationLandscapeLeft UIInterfaceOrientationLandscapeRight";
				INFOPLIST_KEY_UISupportedInterfaceOrientations_iPhone = "UIInterfaceOrientationPortrait UIInterfaceOrientationLandscapeLeft UIInterfaceOrientationLandscapeRight";
				IPHONEOS_DEPLOYMENT_TARGET = 13.0;
				LD_RUNPATH_SEARCH_PATHS = (
					"$(inherited)",
					"@executable_path/Frameworks",
				);
				MARKETING_VERSION = 1.0;
				PRODUCT_BUNDLE_IDENTIFIER = "com.Homunculus.Sound-Anywhere";
				PRODUCT_NAME = "$(TARGET_NAME)";
				PROVISIONING_PROFILE_SPECIFIER = "adhoc_Sound-Anywhere";
				SWIFT_EMIT_LOC_STRINGS = YES;
				SWIFT_VERSION = 5.0;
				TARGETED_DEVICE_FAMILY = "1,2";
			};
			name = Release;
		};
/* End XCBuildConfiguration section */

/* Begin XCConfigurationList section */
		B45164BB27E8C81100347409 /* Build configuration list for PBXProject "Sound-Anywhere" */ = {
			isa = XCConfigurationList;
			buildConfigurations = (
				B45164D227E8C81300347409 /* Debug */,
				B45164D327E8C81300347409 /* Release */,
			);
			defaultConfigurationIsVisible = 0;
			defaultConfigurationName = Release;
		};
		B45164D427E8C81300347409 /* Build configuration list for PBXNativeTarget "Sound-Anywhere" */ = {
			isa = XCConfigurationList;
			buildConfigurations = (
				B45164D527E8C81300347409 /* Debug */,
				B45164D627E8C81300347409 /* Release */,
			);
			defaultConfigurationIsVisible = 0;
			defaultConfigurationName = Release;
		};
/* End XCConfigurationList section */
	};
	rootObject = B45164B827E8C81100347409 /* Project object */;
}
