// !$*UTF8*$!
{
	archiveVersion = 1;
	classes = {
	};
	objectVersion = 55;
	objects = {

/* Begin PBXBuildFile section */
		B45164C427E8C81100347409 /* AppDelegate.swift in Sources */ = {isa = PBXBuildFile; fileRef = B45164C327E8C81100347409 /* AppDelegate.swift */; };
		B45164C627E8C81100347409 /* SceneDelegate.swift in Sources */ = {isa = PBXBuildFile; fileRef = B45164C527E8C81100347409 /* SceneDelegate.swift */; };
		B45164D027E8C81300347409 /* LaunchScreen.storyboard in Resources */ = {isa = PBXBuildFile; fileRef = B45164CE27E8C81300347409 /* LaunchScreen.storyboard */; };
		B4535D222809D9EA0020018E /* Resource.framework in Frameworks */ = {isa = PBXBuildFile; fileRef = B4535CB42809D7FF0020018E /* Resource.framework */; };
		B4535D232809D9EA0020018E /* Resource.framework in Embed Frameworks */ = {isa = PBXBuildFile; fileRef = B4535CB42809D7FF0020018E /* Resource.framework */; settings = {ATTRIBUTES = (CodeSignOnCopy, RemoveHeadersOnCopy, ); }; };
		B4E8D13B280BD022003EEFFC /* FirebaseFirestore in Frameworks */ = {isa = PBXBuildFile; productRef = B4E8D13A280BD022003EEFFC /* FirebaseFirestore */; };
		B4E8D1AD280BEA8D003EEFFC /* GoogleService-Info.plist in Resources */ = {isa = PBXBuildFile; fileRef = B4E8D1AC280BEA8D003EEFFC /* GoogleService-Info.plist */; };
		B4F91B33280C548400C62FC2 /* Common.framework in Frameworks */ = {isa = PBXBuildFile; fileRef = B4535C6F2809D7040020018E /* Common.framework */; platformFilter = ios; };
		B4F91B34280C548400C62FC2 /* Common.framework in Embed Frameworks */ = {isa = PBXBuildFile; fileRef = B4535C6F2809D7040020018E /* Common.framework */; settings = {ATTRIBUTES = (CodeSignOnCopy, RemoveHeadersOnCopy, ); }; };
		B4F91B3A280C548A00C62FC2 /* Presentation.framework in Frameworks */ = {isa = PBXBuildFile; fileRef = B4535C9B2809D7C50020018E /* Presentation.framework */; platformFilter = ios; };
		B4F91B3B280C548A00C62FC2 /* Presentation.framework in Embed Frameworks */ = {isa = PBXBuildFile; fileRef = B4535C9B2809D7C50020018E /* Presentation.framework */; settings = {ATTRIBUTES = (CodeSignOnCopy, RemoveHeadersOnCopy, ); }; };
		B4F91B3D280C548E00C62FC2 /* Domain.framework in Frameworks */ = {isa = PBXBuildFile; fileRef = B4F91B3C280C548D00C62FC2 /* Domain.framework */; };
		B4F91B3E280C548E00C62FC2 /* Domain.framework in Embed Frameworks */ = {isa = PBXBuildFile; fileRef = B4F91B3C280C548D00C62FC2 /* Domain.framework */; settings = {ATTRIBUTES = (CodeSignOnCopy, RemoveHeadersOnCopy, ); }; };
		B4F91B3F280C549200C62FC2 /* Data.framework in Frameworks */ = {isa = PBXBuildFile; fileRef = B4535D312809D9F60020018E /* Data.framework */; platformFilter = ios; };
		B4F91B40280C549200C62FC2 /* Data.framework in Embed Frameworks */ = {isa = PBXBuildFile; fileRef = B4535D312809D9F60020018E /* Data.framework */; settings = {ATTRIBUTES = (CodeSignOnCopy, RemoveHeadersOnCopy, ); }; };
		B4F91B56280C5C3400C62FC2 /* RxCocoa in Frameworks */ = {isa = PBXBuildFile; productRef = B4F91B55280C5C3400C62FC2 /* RxCocoa */; };
		B4F91B58280C5C3400C62FC2 /* RxSwift in Frameworks */ = {isa = PBXBuildFile; productRef = B4F91B57280C5C3400C62FC2 /* RxSwift */; };
/* End PBXBuildFile section */

/* Begin PBXContainerItemProxy section */
		B4535C6E2809D7040020018E /* PBXContainerItemProxy */ = {
			isa = PBXContainerItemProxy;
			containerPortal = B4535C6A2809D7040020018E /* Common.xcodeproj */;
			proxyType = 2;
			remoteGlobalIDString = B4775AB027E8DB5A00425734;
			remoteInfo = Common;
		};
		B4535C9A2809D7C50020018E /* PBXContainerItemProxy */ = {
			isa = PBXContainerItemProxy;
			containerPortal = B4535C7B2809D7C50020018E /* Presentation.xcodeproj */;
			proxyType = 2;
			remoteGlobalIDString = B47759A327E8D73C00425734;
			remoteInfo = Presentation;
		};
		B4535CB32809D7FF0020018E /* PBXContainerItemProxy */ = {
			isa = PBXContainerItemProxy;
			containerPortal = B4535CAF2809D7FF0020018E /* Resource.xcodeproj */;
			proxyType = 2;
			remoteGlobalIDString = B4775AFC27E9F42900425734;
			remoteInfo = Resource;
		};
		B4535D302809D9F60020018E /* PBXContainerItemProxy */ = {
			isa = PBXContainerItemProxy;
			containerPortal = B4535D272809D9F50020018E /* Data.xcodeproj */;
			proxyType = 2;
			remoteGlobalIDString = B4775A8627E8DA6500425734;
			remoteInfo = Data;
		};
		B4535E792809E9EA0020018E /* PBXContainerItemProxy */ = {
			isa = PBXContainerItemProxy;
			containerPortal = B4535C7B2809D7C50020018E /* Presentation.xcodeproj */;
			proxyType = 2;
			remoteGlobalIDString = B4535DEC2809E0E20020018E;
			remoteInfo = PresentationTests;
		};
		B4D768F1280BC7DE00E1E27A /* PBXContainerItemProxy */ = {
			isa = PBXContainerItemProxy;
			containerPortal = B4535D272809D9F50020018E /* Data.xcodeproj */;
			proxyType = 2;
			remoteGlobalIDString = B4535E922809EB910020018E;
			remoteInfo = DataTests;
		};
/* End PBXContainerItemProxy section */

/* Begin PBXCopyFilesBuildPhase section */
		B4535D1E2809D9E10020018E /* Embed Frameworks */ = {
			isa = PBXCopyFilesBuildPhase;
			buildActionMask = 2147483647;
			dstPath = "";
			dstSubfolderSpec = 10;
			files = (
				B4F91B3E280C548E00C62FC2 /* Domain.framework in Embed Frameworks */,
				B4535D232809D9EA0020018E /* Resource.framework in Embed Frameworks */,
				B4F91B34280C548400C62FC2 /* Common.framework in Embed Frameworks */,
				B4F91B40280C549200C62FC2 /* Data.framework in Embed Frameworks */,
				B4F91B3B280C548A00C62FC2 /* Presentation.framework in Embed Frameworks */,
			);
			name = "Embed Frameworks";
			runOnlyForDeploymentPostprocessing = 0;
		};
/* End PBXCopyFilesBuildPhase section */

/* Begin PBXFileReference section */
		B45164C027E8C81100347409 /* Sound-Anywhere.app */ = {isa = PBXFileReference; explicitFileType = wrapper.application; includeInIndex = 0; path = "Sound-Anywhere.app"; sourceTree = BUILT_PRODUCTS_DIR; };
		B45164C327E8C81100347409 /* AppDelegate.swift */ = {isa = PBXFileReference; lastKnownFileType = sourcecode.swift; path = AppDelegate.swift; sourceTree = "<group>"; };
		B45164C527E8C81100347409 /* SceneDelegate.swift */ = {isa = PBXFileReference; lastKnownFileType = sourcecode.swift; path = SceneDelegate.swift; sourceTree = "<group>"; };
		B45164CF27E8C81300347409 /* Base */ = {isa = PBXFileReference; lastKnownFileType = file.storyboard; name = Base; path = Base.lproj/LaunchScreen.storyboard; sourceTree = "<group>"; };
		B45164D127E8C81300347409 /* Info.plist */ = {isa = PBXFileReference; lastKnownFileType = text.plist.xml; path = Info.plist; sourceTree = "<group>"; };
		B4535C6A2809D7040020018E /* Common.xcodeproj */ = {isa = PBXFileReference; lastKnownFileType = "wrapper.pb-project"; name = Common.xcodeproj; path = Common/Common.xcodeproj; sourceTree = "<group>"; };
		B4535C742809D7530020018E /* String+Extension.swift */ = {isa = PBXFileReference; lastKnownFileType = sourcecode.swift; path = "String+Extension.swift"; sourceTree = "<group>"; };
		B4535C752809D7530020018E /* CALayer+Extension.swift */ = {isa = PBXFileReference; lastKnownFileType = sourcecode.swift; path = "CALayer+Extension.swift"; sourceTree = "<group>"; };
		B4535C762809D7530020018E /* Common.h */ = {isa = PBXFileReference; lastKnownFileType = sourcecode.c.h; path = Common.h; sourceTree = "<group>"; };
		B4535C7A2809D7C50020018E /* PresentationTests.swift */ = {isa = PBXFileReference; lastKnownFileType = sourcecode.swift; path = PresentationTests.swift; sourceTree = "<group>"; };
		B4535C7B2809D7C50020018E /* Presentation.xcodeproj */ = {isa = PBXFileReference; lastKnownFileType = "wrapper.pb-project"; path = Presentation.xcodeproj; sourceTree = "<group>"; };
		B4535C812809D7C50020018E /* HomeViewModel.swift */ = {isa = PBXFileReference; lastKnownFileType = sourcecode.swift; path = HomeViewModel.swift; sourceTree = "<group>"; };
		B4535C832809D7C50020018E /* HomeViewController.swift */ = {isa = PBXFileReference; lastKnownFileType = sourcecode.swift; path = HomeViewController.swift; sourceTree = "<group>"; };
		B4535C862809D7C50020018E /* RecordViewModel.swift */ = {isa = PBXFileReference; lastKnownFileType = sourcecode.swift; path = RecordViewModel.swift; sourceTree = "<group>"; };
		B4535C882809D7C50020018E /* RecordViewController.swift */ = {isa = PBXFileReference; lastKnownFileType = sourcecode.swift; path = RecordViewController.swift; sourceTree = "<group>"; };
		B4535C8B2809D7C50020018E /* SearchViewModel.swift */ = {isa = PBXFileReference; lastKnownFileType = sourcecode.swift; path = SearchViewModel.swift; sourceTree = "<group>"; };
		B4535C8D2809D7C50020018E /* SearchViewController.swift */ = {isa = PBXFileReference; lastKnownFileType = sourcecode.swift; path = SearchViewController.swift; sourceTree = "<group>"; };
		B4535C8F2809D7C50020018E /* ViewModelType.swift */ = {isa = PBXFileReference; lastKnownFileType = sourcecode.swift; path = ViewModelType.swift; sourceTree = "<group>"; };
		B4535C922809D7C50020018E /* MapViewModel.swift */ = {isa = PBXFileReference; lastKnownFileType = sourcecode.swift; path = MapViewModel.swift; sourceTree = "<group>"; };
		B4535C942809D7C50020018E /* MapViewController.swift */ = {isa = PBXFileReference; lastKnownFileType = sourcecode.swift; path = MapViewController.swift; sourceTree = "<group>"; };
		B4535C952809D7C50020018E /* Presentation.h */ = {isa = PBXFileReference; lastKnownFileType = sourcecode.c.h; path = Presentation.h; sourceTree = "<group>"; };
		B4535C9F2809D7FF0020018E /* Search.storyboard */ = {isa = PBXFileReference; lastKnownFileType = file.storyboard; path = Search.storyboard; sourceTree = "<group>"; };
		B4535CA02809D7FF0020018E /* Record.storyboard */ = {isa = PBXFileReference; lastKnownFileType = file.storyboard; path = Record.storyboard; sourceTree = "<group>"; };
		B4535CA12809D7FF0020018E /* Map.storyboard */ = {isa = PBXFileReference; lastKnownFileType = file.storyboard; path = Map.storyboard; sourceTree = "<group>"; };
		B4535CA22809D7FF0020018E /* Home.storyboard */ = {isa = PBXFileReference; lastKnownFileType = file.storyboard; path = Home.storyboard; sourceTree = "<group>"; };
		B4535CA32809D7FF0020018E /* Main.storyboard */ = {isa = PBXFileReference; lastKnownFileType = file.storyboard; path = Main.storyboard; sourceTree = "<group>"; };
		B4535CA42809D7FF0020018E /* Assets.xcassets */ = {isa = PBXFileReference; lastKnownFileType = folder.assetcatalog; path = Assets.xcassets; sourceTree = "<group>"; };
		B4535CA52809D7FF0020018E /* Resource+Color.swift */ = {isa = PBXFileReference; lastKnownFileType = sourcecode.swift; path = "Resource+Color.swift"; sourceTree = "<group>"; };
		B4535CA62809D7FF0020018E /* Resource.swift */ = {isa = PBXFileReference; lastKnownFileType = sourcecode.swift; path = Resource.swift; sourceTree = "<group>"; };
		B4535CA72809D7FF0020018E /* Resource+Font.swift */ = {isa = PBXFileReference; lastKnownFileType = sourcecode.swift; path = "Resource+Font.swift"; sourceTree = "<group>"; };
		B4535CA92809D7FF0020018E /* UIColor+Extension.swift */ = {isa = PBXFileReference; lastKnownFileType = sourcecode.swift; path = "UIColor+Extension.swift"; sourceTree = "<group>"; };
		B4535CAA2809D7FF0020018E /* UIImage+Extension.swift */ = {isa = PBXFileReference; lastKnownFileType = sourcecode.swift; path = "UIImage+Extension.swift"; sourceTree = "<group>"; };
		B4535CAB2809D7FF0020018E /* CALayer+Extension.swift */ = {isa = PBXFileReference; lastKnownFileType = sourcecode.swift; path = "CALayer+Extension.swift"; sourceTree = "<group>"; };
		B4535CAC2809D7FF0020018E /* Resource.h */ = {isa = PBXFileReference; lastKnownFileType = sourcecode.c.h; path = Resource.h; sourceTree = "<group>"; };
		B4535CAD2809D7FF0020018E /* Resource+Image.swift */ = {isa = PBXFileReference; lastKnownFileType = sourcecode.swift; path = "Resource+Image.swift"; sourceTree = "<group>"; };
		B4535CAE2809D7FF0020018E /* Resource+Storyboard.swift */ = {isa = PBXFileReference; lastKnownFileType = sourcecode.swift; path = "Resource+Storyboard.swift"; sourceTree = "<group>"; };
		B4535CAF2809D7FF0020018E /* Resource.xcodeproj */ = {isa = PBXFileReference; lastKnownFileType = "wrapper.pb-project"; path = Resource.xcodeproj; sourceTree = "<group>"; };
		B4535D1F2809D9E40020018E /* Domain.framework */ = {isa = PBXFileReference; explicitFileType = wrapper.framework; path = Domain.framework; sourceTree = BUILT_PRODUCTS_DIR; };
		B4535D272809D9F50020018E /* Data.xcodeproj */ = {isa = PBXFileReference; lastKnownFileType = "wrapper.pb-project"; path = Data.xcodeproj; sourceTree = "<group>"; };
		B4535D2D2809D9F50020018E /* Data.h */ = {isa = PBXFileReference; lastKnownFileType = sourcecode.c.h; path = Data.h; sourceTree = "<group>"; };
		B4535D5F2809DBA60020018E /* Presentation.xcworkspace */ = {isa = PBXFileReference; lastKnownFileType = wrapper.workspace; name = Presentation.xcworkspace; path = Presentation/Presentation.xcworkspace; sourceTree = "<group>"; };
		B47758A027E8D01700425734 /* Sound-Anywhere.entitlements */ = {isa = PBXFileReference; lastKnownFileType = text.plist.entitlements; path = "Sound-Anywhere.entitlements"; sourceTree = "<group>"; };
		B4E8D1AC280BEA8D003EEFFC /* GoogleService-Info.plist */ = {isa = PBXFileReference; lastKnownFileType = text.plist; path = "GoogleService-Info.plist"; sourceTree = SOURCE_ROOT; };
		B4F91B3C280C548D00C62FC2 /* Domain.framework */ = {isa = PBXFileReference; explicitFileType = wrapper.framework; path = Domain.framework; sourceTree = BUILT_PRODUCTS_DIR; };
/* End PBXFileReference section */

/* Begin PBXFrameworksBuildPhase section */
		B45164BD27E8C81100347409 /* Frameworks */ = {
			isa = PBXFrameworksBuildPhase;
			buildActionMask = 2147483647;
			files = (
				B4F91B3F280C549200C62FC2 /* Data.framework in Frameworks */,
				B4F91B3D280C548E00C62FC2 /* Domain.framework in Frameworks */,
				B4F91B33280C548400C62FC2 /* Common.framework in Frameworks */,
				B4F91B56280C5C3400C62FC2 /* RxCocoa in Frameworks */,
				B4535D222809D9EA0020018E /* Resource.framework in Frameworks */,
				B4F91B3A280C548A00C62FC2 /* Presentation.framework in Frameworks */,
				B4F91B58280C5C3400C62FC2 /* RxSwift in Frameworks */,
				B4E8D13B280BD022003EEFFC /* FirebaseFirestore in Frameworks */,
			);
			runOnlyForDeploymentPostprocessing = 0;
		};
/* End PBXFrameworksBuildPhase section */

/* Begin PBXGroup section */
		B45164B727E8C81100347409 = {
			isa = PBXGroup;
			children = (
				B45164C227E8C81100347409 /* Sound-Anywhere */,
				B45164C127E8C81100347409 /* Products */,
				C1D1493B6941818B7A88DDB6 /* Frameworks */,
			);
			sourceTree = "<group>";
		};
		B45164C127E8C81100347409 /* Products */ = {
			isa = PBXGroup;
			children = (
				B45164C027E8C81100347409 /* Sound-Anywhere.app */,
			);
			name = Products;
			sourceTree = "<group>";
		};
		B45164C227E8C81100347409 /* Sound-Anywhere */ = {
			isa = PBXGroup;
			children = (
				B47758A027E8D01700425734 /* Sound-Anywhere.entitlements */,
				B45164C327E8C81100347409 /* AppDelegate.swift */,
				B45164C527E8C81100347409 /* SceneDelegate.swift */,
				B45164CE27E8C81300347409 /* LaunchScreen.storyboard */,
				B45164D127E8C81300347409 /* Info.plist */,
				B4E8D1AC280BEA8D003EEFFC /* GoogleService-Info.plist */,
			);
			path = "Sound-Anywhere";
			sourceTree = "<group>";
		};
		B4535C6B2809D7040020018E /* Products */ = {
			isa = PBXGroup;
			children = (
				B4535C6F2809D7040020018E /* Common.framework */,
			);
			name = Products;
			sourceTree = "<group>";
		};
		B4535C722809D7530020018E /* Common */ = {
			isa = PBXGroup;
			children = (
				B4535C732809D7530020018E /* Extensions */,
				B4535C762809D7530020018E /* Common.h */,
			);
			name = Common;
			path = Common/Common;
			sourceTree = "<group>";
		};
		B4535C732809D7530020018E /* Extensions */ = {
			isa = PBXGroup;
			children = (
				B4535C742809D7530020018E /* String+Extension.swift */,
				B4535C752809D7530020018E /* CALayer+Extension.swift */,
			);
			path = Extensions;
			sourceTree = "<group>";
		};
		B4535C782809D7C50020018E /* Presentation */ = {
			isa = PBXGroup;
			children = (
				B4535C792809D7C50020018E /* PresentationTests */,
				B4535C7B2809D7C50020018E /* Presentation.xcodeproj */,
				B4535C7E2809D7C50020018E /* Presentation */,
			);
			path = Presentation;
			sourceTree = "<group>";
		};
		B4535C792809D7C50020018E /* PresentationTests */ = {
			isa = PBXGroup;
			children = (
				B4535C7A2809D7C50020018E /* PresentationTests.swift */,
			);
			path = PresentationTests;
			sourceTree = "<group>";
		};
		B4535C7C2809D7C50020018E /* Products */ = {
			isa = PBXGroup;
			children = (
				B4535C9B2809D7C50020018E /* Presentation.framework */,
				B4535E7A2809E9EA0020018E /* PresentationTests.xctest */,
			);
			name = Products;
			sourceTree = "<group>";
		};
		B4535C7E2809D7C50020018E /* Presentation */ = {
			isa = PBXGroup;
			children = (
				B4535C7F2809D7C50020018E /* Home */,
				B4535C842809D7C50020018E /* Record */,
				B4535C892809D7C50020018E /* Search */,
				B4535C8E2809D7C50020018E /* Common */,
				B4535C902809D7C50020018E /* Map */,
				B4535C952809D7C50020018E /* Presentation.h */,
				B4535C962809D7C50020018E /* Main */,
			);
			path = Presentation;
			sourceTree = "<group>";
		};
		B4535C7F2809D7C50020018E /* Home */ = {
			isa = PBXGroup;
			children = (
				B4535C802809D7C50020018E /* ViewModel */,
				B4535C822809D7C50020018E /* UI */,
			);
			path = Home;
			sourceTree = "<group>";
		};
		B4535C802809D7C50020018E /* ViewModel */ = {
			isa = PBXGroup;
			children = (
				B4535C812809D7C50020018E /* HomeViewModel.swift */,
			);
			path = ViewModel;
			sourceTree = "<group>";
		};
		B4535C822809D7C50020018E /* UI */ = {
			isa = PBXGroup;
			children = (
				B4535C832809D7C50020018E /* HomeViewController.swift */,
			);
			path = UI;
			sourceTree = "<group>";
		};
		B4535C842809D7C50020018E /* Record */ = {
			isa = PBXGroup;
			children = (
				B4535C852809D7C50020018E /* ViewModel */,
				B4535C872809D7C50020018E /* UI */,
			);
			path = Record;
			sourceTree = "<group>";
		};
		B4535C852809D7C50020018E /* ViewModel */ = {
			isa = PBXGroup;
			children = (
				B4535C862809D7C50020018E /* RecordViewModel.swift */,
			);
			path = ViewModel;
			sourceTree = "<group>";
		};
		B4535C872809D7C50020018E /* UI */ = {
			isa = PBXGroup;
			children = (
				B4535C882809D7C50020018E /* RecordViewController.swift */,
			);
			path = UI;
			sourceTree = "<group>";
		};
		B4535C892809D7C50020018E /* Search */ = {
			isa = PBXGroup;
			children = (
				B4535C8A2809D7C50020018E /* ViewModel */,
				B4535C8C2809D7C50020018E /* UI */,
			);
			path = Search;
			sourceTree = "<group>";
		};
		B4535C8A2809D7C50020018E /* ViewModel */ = {
			isa = PBXGroup;
			children = (
				B4535C8B2809D7C50020018E /* SearchViewModel.swift */,
			);
			path = ViewModel;
			sourceTree = "<group>";
		};
		B4535C8C2809D7C50020018E /* UI */ = {
			isa = PBXGroup;
			children = (
				B4535C8D2809D7C50020018E /* SearchViewController.swift */,
			);
			path = UI;
			sourceTree = "<group>";
		};
		B4535C8E2809D7C50020018E /* Common */ = {
			isa = PBXGroup;
			children = (
				B4535C8F2809D7C50020018E /* ViewModelType.swift */,
			);
			path = Common;
			sourceTree = "<group>";
		};
		B4535C902809D7C50020018E /* Map */ = {
			isa = PBXGroup;
			children = (
				B4535C912809D7C50020018E /* ViewModel */,
				B4535C932809D7C50020018E /* UI */,
			);
			path = Map;
			sourceTree = "<group>";
		};
		B4535C912809D7C50020018E /* ViewModel */ = {
			isa = PBXGroup;
			children = (
				B4535C922809D7C50020018E /* MapViewModel.swift */,
			);
			path = ViewModel;
			sourceTree = "<group>";
		};
		B4535C932809D7C50020018E /* UI */ = {
			isa = PBXGroup;
			children = (
				B4535C942809D7C50020018E /* MapViewController.swift */,
			);
			path = UI;
			sourceTree = "<group>";
		};
		B4535C962809D7C50020018E /* Main */ = {
			isa = PBXGroup;
			children = (
				B4535C972809D7C50020018E /* UI */,
			);
			path = Main;
			sourceTree = "<group>";
		};
		B4535C972809D7C50020018E /* UI */ = {
			isa = PBXGroup;
			children = (
			);
			path = UI;
			sourceTree = "<group>";
		};
		B4535C9C2809D7FF0020018E /* Resource */ = {
			isa = PBXGroup;
			children = (
				B4535C9D2809D7FF0020018E /* Resource */,
				B4535CAF2809D7FF0020018E /* Resource.xcodeproj */,
			);
			path = Resource;
			sourceTree = "<group>";
		};
		B4535C9D2809D7FF0020018E /* Resource */ = {
			isa = PBXGroup;
			children = (
				B4535C9E2809D7FF0020018E /* Storyboard */,
				B4535CA42809D7FF0020018E /* Assets.xcassets */,
				B4535CA52809D7FF0020018E /* Resource+Color.swift */,
				B4535CA62809D7FF0020018E /* Resource.swift */,
				B4535CA72809D7FF0020018E /* Resource+Font.swift */,
				B4535CA82809D7FF0020018E /* Extensions */,
				B4535CAC2809D7FF0020018E /* Resource.h */,
				B4535CAD2809D7FF0020018E /* Resource+Image.swift */,
				B4535CAE2809D7FF0020018E /* Resource+Storyboard.swift */,
			);
			path = Resource;
			sourceTree = "<group>";
		};
		B4535C9E2809D7FF0020018E /* Storyboard */ = {
			isa = PBXGroup;
			children = (
				B4535C9F2809D7FF0020018E /* Search.storyboard */,
				B4535CA02809D7FF0020018E /* Record.storyboard */,
				B4535CA12809D7FF0020018E /* Map.storyboard */,
				B4535CA22809D7FF0020018E /* Home.storyboard */,
				B4535CA32809D7FF0020018E /* Main.storyboard */,
			);
			path = Storyboard;
			sourceTree = "<group>";
		};
		B4535CA82809D7FF0020018E /* Extensions */ = {
			isa = PBXGroup;
			children = (
				B4535CA92809D7FF0020018E /* UIColor+Extension.swift */,
				B4535CAA2809D7FF0020018E /* UIImage+Extension.swift */,
				B4535CAB2809D7FF0020018E /* CALayer+Extension.swift */,
			);
			path = Extensions;
			sourceTree = "<group>";
		};
		B4535CB02809D7FF0020018E /* Products */ = {
			isa = PBXGroup;
			children = (
				B4535CB42809D7FF0020018E /* Resource.framework */,
			);
			name = Products;
			sourceTree = "<group>";
		};
		B4535D262809D9F50020018E /* Data */ = {
			isa = PBXGroup;
			children = (
				B4535D272809D9F50020018E /* Data.xcodeproj */,
				B4535D2C2809D9F50020018E /* Data */,
			);
			path = Data;
			sourceTree = "<group>";
		};
		B4535D282809D9F50020018E /* Products */ = {
			isa = PBXGroup;
			children = (
				B4535D312809D9F60020018E /* Data.framework */,
				B4D768F2280BC7DE00E1E27A /* DataTests.xctest */,
			);
			name = Products;
			sourceTree = "<group>";
		};
		B4535D2C2809D9F50020018E /* Data */ = {
			isa = PBXGroup;
			children = (
				B4535D2D2809D9F50020018E /* Data.h */,
				B4535D2E2809D9F50020018E /* Network */,
			);
			path = Data;
			sourceTree = "<group>";
		};
		B4535D2E2809D9F50020018E /* Network */ = {
			isa = PBXGroup;
			children = (
			);
			path = Network;
			sourceTree = "<group>";
		};
		C1D1493B6941818B7A88DDB6 /* Frameworks */ = {
			isa = PBXGroup;
			children = (
				B4F91B3C280C548D00C62FC2 /* Domain.framework */,
				B4535D5F2809DBA60020018E /* Presentation.xcworkspace */,
				B4535D262809D9F50020018E /* Data */,
				B4535D1F2809D9E40020018E /* Domain.framework */,
				B4535C9C2809D7FF0020018E /* Resource */,
				B4535C782809D7C50020018E /* Presentation */,
				B4535C722809D7530020018E /* Common */,
				B4535C6A2809D7040020018E /* Common.xcodeproj */,
			);
			name = Frameworks;
			sourceTree = "<group>";
		};
/* End PBXGroup section */

/* Begin PBXNativeTarget section */
		B45164BF27E8C81100347409 /* Sound-Anywhere */ = {
			isa = PBXNativeTarget;
			buildConfigurationList = B45164D427E8C81300347409 /* Build configuration list for PBXNativeTarget "Sound-Anywhere" */;
			buildPhases = (
				B45164BC27E8C81100347409 /* Sources */,
				B45164BD27E8C81100347409 /* Frameworks */,
				B45164BE27E8C81100347409 /* Resources */,
				B4535D1E2809D9E10020018E /* Embed Frameworks */,
			);
			buildRules = (
			);
			dependencies = (
			);
			name = "Sound-Anywhere";
			packageProductDependencies = (
				B4E8D13A280BD022003EEFFC /* FirebaseFirestore */,
				B4F91B55280C5C3400C62FC2 /* RxCocoa */,
				B4F91B57280C5C3400C62FC2 /* RxSwift */,
			);
			productName = "Sound-Anywhere";
			productReference = B45164C027E8C81100347409 /* Sound-Anywhere.app */;
			productType = "com.apple.product-type.application";
		};
/* End PBXNativeTarget section */

/* Begin PBXProject section */
		B45164B827E8C81100347409 /* Project object */ = {
			isa = PBXProject;
			attributes = {
				BuildIndependentTargetsInParallel = 1;
				LastSwiftUpdateCheck = 1320;
				LastUpgradeCheck = 1320;
				TargetAttributes = {
					B45164BF27E8C81100347409 = {
						CreatedOnToolsVersion = 13.2.1;
					};
				};
			};
			buildConfigurationList = B45164BB27E8C81100347409 /* Build configuration list for PBXProject "Sound-Anywhere" */;
			compatibilityVersion = "Xcode 13.0";
			developmentRegion = en;
			hasScannedForEncodings = 0;
			knownRegions = (
				en,
				Base,
			);
			mainGroup = B45164B727E8C81100347409;
			packageReferences = (
				B4D9CA0328095038006F2894 /* XCRemoteSwiftPackageReference "RxSwift" */,
				B4E8D137280BD022003EEFFC /* XCRemoteSwiftPackageReference "firebase-ios-sdk" */,
				B4F91B54280C5C3400C62FC2 /* XCRemoteSwiftPackageReference "RxSwift" */,
			);
			productRefGroup = B45164C127E8C81100347409 /* Products */;
			projectDirPath = "";
			projectReferences = (
				{
					ProductGroup = B4535C6B2809D7040020018E /* Products */;
					ProjectRef = B4535C6A2809D7040020018E /* Common.xcodeproj */;
				},
				{
					ProductGroup = B4535D282809D9F50020018E /* Products */;
					ProjectRef = B4535D272809D9F50020018E /* Data.xcodeproj */;
				},
				{
					ProductGroup = B4535C7C2809D7C50020018E /* Products */;
					ProjectRef = B4535C7B2809D7C50020018E /* Presentation.xcodeproj */;
				},
				{
					ProductGroup = B4535CB02809D7FF0020018E /* Products */;
					ProjectRef = B4535CAF2809D7FF0020018E /* Resource.xcodeproj */;
				},
			);
			projectRoot = "";
			targets = (
				B45164BF27E8C81100347409 /* Sound-Anywhere */,
			);
		};
/* End PBXProject section */

/* Begin PBXReferenceProxy section */
		B4535C6F2809D7040020018E /* Common.framework */ = {
			isa = PBXReferenceProxy;
			fileType = wrapper.framework;
			path = Common.framework;
			remoteRef = B4535C6E2809D7040020018E /* PBXContainerItemProxy */;
			sourceTree = BUILT_PRODUCTS_DIR;
		};
		B4535C9B2809D7C50020018E /* Presentation.framework */ = {
			isa = PBXReferenceProxy;
			fileType = wrapper.framework;
			path = Presentation.framework;
			remoteRef = B4535C9A2809D7C50020018E /* PBXContainerItemProxy */;
			sourceTree = BUILT_PRODUCTS_DIR;
		};
		B4535CB42809D7FF0020018E /* Resource.framework */ = {
			isa = PBXReferenceProxy;
			fileType = wrapper.framework;
			path = Resource.framework;
			remoteRef = B4535CB32809D7FF0020018E /* PBXContainerItemProxy */;
			sourceTree = BUILT_PRODUCTS_DIR;
		};
		B4535D312809D9F60020018E /* Data.framework */ = {
			isa = PBXReferenceProxy;
			fileType = wrapper.framework;
			path = Data.framework;
			remoteRef = B4535D302809D9F60020018E /* PBXContainerItemProxy */;
			sourceTree = BUILT_PRODUCTS_DIR;
		};
		B4535E7A2809E9EA0020018E /* PresentationTests.xctest */ = {
			isa = PBXReferenceProxy;
			fileType = wrapper.cfbundle;
			path = PresentationTests.xctest;
			remoteRef = B4535E792809E9EA0020018E /* PBXContainerItemProxy */;
			sourceTree = BUILT_PRODUCTS_DIR;
		};
		B4D768F2280BC7DE00E1E27A /* DataTests.xctest */ = {
			isa = PBXReferenceProxy;
			fileType = wrapper.cfbundle;
			path = DataTests.xctest;
			remoteRef = B4D768F1280BC7DE00E1E27A /* PBXContainerItemProxy */;
			sourceTree = BUILT_PRODUCTS_DIR;
		};
/* End PBXReferenceProxy section */

/* Begin PBXResourcesBuildPhase section */
		B45164BE27E8C81100347409 /* Resources */ = {
			isa = PBXResourcesBuildPhase;
			buildActionMask = 2147483647;
			files = (
				B45164D027E8C81300347409 /* LaunchScreen.storyboard in Resources */,
				B4E8D1AD280BEA8D003EEFFC /* GoogleService-Info.plist in Resources */,
			);
			runOnlyForDeploymentPostprocessing = 0;
		};
/* End PBXResourcesBuildPhase section */

/* Begin PBXSourcesBuildPhase section */
		B45164BC27E8C81100347409 /* Sources */ = {
			isa = PBXSourcesBuildPhase;
			buildActionMask = 2147483647;
			files = (
				B45164C427E8C81100347409 /* AppDelegate.swift in Sources */,
				B45164C627E8C81100347409 /* SceneDelegate.swift in Sources */,
			);
			runOnlyForDeploymentPostprocessing = 0;
		};
/* End PBXSourcesBuildPhase section */

/* Begin PBXVariantGroup section */
		B45164CE27E8C81300347409 /* LaunchScreen.storyboard */ = {
			isa = PBXVariantGroup;
			children = (
				B45164CF27E8C81300347409 /* Base */,
			);
			name = LaunchScreen.storyboard;
			sourceTree = "<group>";
		};
/* End PBXVariantGroup section */

/* Begin XCBuildConfiguration section */
		B45164D227E8C81300347409 /* Debug */ = {
			isa = XCBuildConfiguration;
			buildSettings = {
				ALWAYS_SEARCH_USER_PATHS = NO;
				CLANG_ANALYZER_NONNULL = YES;
				CLANG_ANALYZER_NUMBER_OBJECT_CONVERSION = YES_AGGRESSIVE;
				CLANG_CXX_LANGUAGE_STANDARD = "gnu++17";
				CLANG_CXX_LIBRARY = "libc++";
				CLANG_ENABLE_MODULES = YES;
				CLANG_ENABLE_OBJC_ARC = YES;
				CLANG_ENABLE_OBJC_WEAK = YES;
				CLANG_WARN_BLOCK_CAPTURE_AUTORELEASING = YES;
				CLANG_WARN_BOOL_CONVERSION = YES;
				CLANG_WARN_COMMA = YES;
				CLANG_WARN_CONSTANT_CONVERSION = YES;
				CLANG_WARN_DEPRECATED_OBJC_IMPLEMENTATIONS = YES;
				CLANG_WARN_DIRECT_OBJC_ISA_USAGE = YES_ERROR;
				CLANG_WARN_DOCUMENTATION_COMMENTS = YES;
				CLANG_WARN_EMPTY_BODY = YES;
				CLANG_WARN_ENUM_CONVERSION = YES;
				CLANG_WARN_INFINITE_RECURSION = YES;
				CLANG_WARN_INT_CONVERSION = YES;
				CLANG_WARN_NON_LITERAL_NULL_CONVERSION = YES;
				CLANG_WARN_OBJC_IMPLICIT_RETAIN_SELF = YES;
				CLANG_WARN_OBJC_LITERAL_CONVERSION = YES;
				CLANG_WARN_OBJC_ROOT_CLASS = YES_ERROR;
				CLANG_WARN_QUOTED_INCLUDE_IN_FRAMEWORK_HEADER = YES;
				CLANG_WARN_RANGE_LOOP_ANALYSIS = YES;
				CLANG_WARN_STRICT_PROTOTYPES = YES;
				CLANG_WARN_SUSPICIOUS_MOVE = YES;
				CLANG_WARN_UNGUARDED_AVAILABILITY = YES_AGGRESSIVE;
				CLANG_WARN_UNREACHABLE_CODE = YES;
				CLANG_WARN__DUPLICATE_METHOD_MATCH = YES;
				COPY_PHASE_STRIP = NO;
				DEBUG_INFORMATION_FORMAT = dwarf;
				ENABLE_STRICT_OBJC_MSGSEND = YES;
				ENABLE_TESTABILITY = YES;
				GCC_C_LANGUAGE_STANDARD = gnu11;
				GCC_DYNAMIC_NO_PIC = NO;
				GCC_NO_COMMON_BLOCKS = YES;
				GCC_OPTIMIZATION_LEVEL = 0;
				GCC_PREPROCESSOR_DEFINITIONS = (
					"DEBUG=1",
					"$(inherited)",
				);
				GCC_WARN_64_TO_32_BIT_CONVERSION = YES;
				GCC_WARN_ABOUT_RETURN_TYPE = YES_ERROR;
				GCC_WARN_UNDECLARED_SELECTOR = YES;
				GCC_WARN_UNINITIALIZED_AUTOS = YES_AGGRESSIVE;
				GCC_WARN_UNUSED_FUNCTION = YES;
				GCC_WARN_UNUSED_VARIABLE = YES;
				IPHONEOS_DEPLOYMENT_TARGET = 15.2;
				MTL_ENABLE_DEBUG_INFO = INCLUDE_SOURCE;
				MTL_FAST_MATH = YES;
				ONLY_ACTIVE_ARCH = YES;
				SDKROOT = iphoneos;
				SWIFT_ACTIVE_COMPILATION_CONDITIONS = DEBUG;
				SWIFT_OPTIMIZATION_LEVEL = "-Onone";
			};
			name = Debug;
		};
		B45164D327E8C81300347409 /* Release */ = {
			isa = XCBuildConfiguration;
			buildSettings = {
				ALWAYS_SEARCH_USER_PATHS = NO;
				CLANG_ANALYZER_NONNULL = YES;
				CLANG_ANALYZER_NUMBER_OBJECT_CONVERSION = YES_AGGRESSIVE;
				CLANG_CXX_LANGUAGE_STANDARD = "gnu++17";
				CLANG_CXX_LIBRARY = "libc++";
				CLANG_ENABLE_MODULES = YES;
				CLANG_ENABLE_OBJC_ARC = YES;
				CLANG_ENABLE_OBJC_WEAK = YES;
				CLANG_WARN_BLOCK_CAPTURE_AUTORELEASING = YES;
				CLANG_WARN_BOOL_CONVERSION = YES;
				CLANG_WARN_COMMA = YES;
				CLANG_WARN_CONSTANT_CONVERSION = YES;
				CLANG_WARN_DEPRECATED_OBJC_IMPLEMENTATIONS = YES;
				CLANG_WARN_DIRECT_OBJC_ISA_USAGE = YES_ERROR;
				CLANG_WARN_DOCUMENTATION_COMMENTS = YES;
				CLANG_WARN_EMPTY_BODY = YES;
				CLANG_WARN_ENUM_CONVERSION = YES;
				CLANG_WARN_INFINITE_RECURSION = YES;
				CLANG_WARN_INT_CONVERSION = YES;
				CLANG_WARN_NON_LITERAL_NULL_CONVERSION = YES;
				CLANG_WARN_OBJC_IMPLICIT_RETAIN_SELF = YES;
				CLANG_WARN_OBJC_LITERAL_CONVERSION = YES;
				CLANG_WARN_OBJC_ROOT_CLASS = YES_ERROR;
				CLANG_WARN_QUOTED_INCLUDE_IN_FRAMEWORK_HEADER = YES;
				CLANG_WARN_RANGE_LOOP_ANALYSIS = YES;
				CLANG_WARN_STRICT_PROTOTYPES = YES;
				CLANG_WARN_SUSPICIOUS_MOVE = YES;
				CLANG_WARN_UNGUARDED_AVAILABILITY = YES_AGGRESSIVE;
				CLANG_WARN_UNREACHABLE_CODE = YES;
				CLANG_WARN__DUPLICATE_METHOD_MATCH = YES;
				COPY_PHASE_STRIP = NO;
				DEBUG_INFORMATION_FORMAT = "dwarf-with-dsym";
				ENABLE_NS_ASSERTIONS = NO;
				ENABLE_STRICT_OBJC_MSGSEND = YES;
				GCC_C_LANGUAGE_STANDARD = gnu11;
				GCC_NO_COMMON_BLOCKS = YES;
				GCC_WARN_64_TO_32_BIT_CONVERSION = YES;
				GCC_WARN_ABOUT_RETURN_TYPE = YES_ERROR;
				GCC_WARN_UNDECLARED_SELECTOR = YES;
				GCC_WARN_UNINITIALIZED_AUTOS = YES_AGGRESSIVE;
				GCC_WARN_UNUSED_FUNCTION = YES;
				GCC_WARN_UNUSED_VARIABLE = YES;
				IPHONEOS_DEPLOYMENT_TARGET = 15.2;
				MTL_ENABLE_DEBUG_INFO = NO;
				MTL_FAST_MATH = YES;
				SDKROOT = iphoneos;
				SWIFT_COMPILATION_MODE = wholemodule;
				SWIFT_OPTIMIZATION_LEVEL = "-O";
				VALIDATE_PRODUCT = YES;
			};
			name = Release;
		};
		B45164D527E8C81300347409 /* Debug */ = {
			isa = XCBuildConfiguration;
			buildSettings = {
				ASSETCATALOG_COMPILER_APPICON_NAME = AppIcon;
				ASSETCATALOG_COMPILER_GLOBAL_ACCENT_COLOR_NAME = AccentColor;
				CODE_SIGN_ENTITLEMENTS = "Sound-Anywhere/Sound-Anywhere.entitlements";
				CODE_SIGN_IDENTITY = "iPhone Developer: hyunsik Oh (Y9X9G3NJ3W)";
				CODE_SIGN_STYLE = Manual;
				CURRENT_PROJECT_VERSION = 1;
				DEVELOPMENT_TEAM = CD8LU925FT;
				ENABLE_BITCODE = NO;
				GENERATE_INFOPLIST_FILE = YES;
				INFOPLIST_FILE = "Sound-Anywhere/Info.plist";
				INFOPLIST_KEY_UIApplicationSupportsIndirectInputEvents = YES;
				INFOPLIST_KEY_UILaunchStoryboardName = LaunchScreen;
				INFOPLIST_KEY_UIMainStoryboardFile = LaunchScreen;
				INFOPLIST_KEY_UISupportedInterfaceOrientations_iPad = "UIInterfaceOrientationPortrait UIInterfaceOrientationPortraitUpsideDown UIInterfaceOrientationLandscapeLeft UIInterfaceOrientationLandscapeRight";
				INFOPLIST_KEY_UISupportedInterfaceOrientations_iPhone = "UIInterfaceOrientationPortrait UIInterfaceOrientationLandscapeLeft UIInterfaceOrientationLandscapeRight";
				IPHONEOS_DEPLOYMENT_TARGET = 13.0;
				LD_RUNPATH_SEARCH_PATHS = (
					"$(inherited)",
					"@executable_path/Frameworks",
				);
				MARKETING_VERSION = 1.0;
				PRODUCT_BUNDLE_IDENTIFIER = "com.Homunculus.Sound-Anywhere";
				PRODUCT_NAME = "$(TARGET_NAME)";
				PROVISIONING_PROFILE_SPECIFIER = dev_SoundAnywhere;
				SWIFT_EMIT_LOC_STRINGS = YES;
				SWIFT_VERSION = 5.0;
				TARGETED_DEVICE_FAMILY = "1,2";
			};
			name = Debug;
		};
		B45164D627E8C81300347409 /* Release */ = {
			isa = XCBuildConfiguration;
			buildSettings = {
				ASSETCATALOG_COMPILER_APPICON_NAME = AppIcon;
				ASSETCATALOG_COMPILER_GLOBAL_ACCENT_COLOR_NAME = AccentColor;
				CODE_SIGN_ENTITLEMENTS = "Sound-Anywhere/Sound-Anywhere.entitlements";
				CODE_SIGN_IDENTITY = "iPhone Distribution: hyunsik Oh (CD8LU925FT)";
				CODE_SIGN_STYLE = Manual;
				CURRENT_PROJECT_VERSION = 1;
				DEVELOPMENT_TEAM = CD8LU925FT;
				ENABLE_BITCODE = NO;
				GENERATE_INFOPLIST_FILE = YES;
				INFOPLIST_FILE = "Sound-Anywhere/Info.plist";
				INFOPLIST_KEY_UIApplicationSupportsIndirectInputEvents = YES;
				INFOPLIST_KEY_UILaunchStoryboardName = LaunchScreen;
				INFOPLIST_KEY_UIMainStoryboardFile = LaunchScreen;
				INFOPLIST_KEY_UISupportedInterfaceOrientations_iPad = "UIInterfaceOrientationPortrait UIInterfaceOrientationPortraitUpsideDown UIInterfaceOrientationLandscapeLeft UIInterfaceOrientationLandscapeRight";
				INFOPLIST_KEY_UISupportedInterfaceOrientations_iPhone = "UIInterfaceOrientationPortrait UIInterfaceOrientationLandscapeLeft UIInterfaceOrientationLandscapeRight";
				IPHONEOS_DEPLOYMENT_TARGET = 13.0;
				LD_RUNPATH_SEARCH_PATHS = (
					"$(inherited)",
					"@executable_path/Frameworks",
				);
				MARKETING_VERSION = 1.0;
				PRODUCT_BUNDLE_IDENTIFIER = "com.Homunculus.Sound-Anywhere";
				PRODUCT_NAME = "$(TARGET_NAME)";
				PROVISIONING_PROFILE_SPECIFIER = "adhoc_Sound-Anywhere";
				SWIFT_EMIT_LOC_STRINGS = YES;
				SWIFT_VERSION = 5.0;
				TARGETED_DEVICE_FAMILY = "1,2";
			};
			name = Release;
		};
/* End XCBuildConfiguration section */

/* Begin XCConfigurationList section */
		B45164BB27E8C81100347409 /* Build configuration list for PBXProject "Sound-Anywhere" */ = {
			isa = XCConfigurationList;
			buildConfigurations = (
				B45164D227E8C81300347409 /* Debug */,
				B45164D327E8C81300347409 /* Release */,
			);
			defaultConfigurationIsVisible = 0;
			defaultConfigurationName = Release;
		};
		B45164D427E8C81300347409 /* Build configuration list for PBXNativeTarget "Sound-Anywhere" */ = {
			isa = XCConfigurationList;
			buildConfigurations = (
				B45164D527E8C81300347409 /* Debug */,
				B45164D627E8C81300347409 /* Release */,
			);
			defaultConfigurationIsVisible = 0;
			defaultConfigurationName = Release;
		};
/* End XCConfigurationList section */

/* Begin XCRemoteSwiftPackageReference section */
		B4D9CA0328095038006F2894 /* XCRemoteSwiftPackageReference "RxSwift" */ = {
			isa = XCRemoteSwiftPackageReference;
			repositoryURL = "https://github.com/ReactiveX/RxSwift";
			requirement = {
				kind = upToNextMajorVersion;
				minimumVersion = 6.0.0;
			};
		};
		B4E8D137280BD022003EEFFC /* XCRemoteSwiftPackageReference "firebase-ios-sdk" */ = {
			isa = XCRemoteSwiftPackageReference;
			repositoryURL = "https://github.com/firebase/firebase-ios-sdk.git";
			requirement = {
				branch = master;
				kind = branch;
			};
		};
		B4F91B54280C5C3400C62FC2 /* XCRemoteSwiftPackageReference "RxSwift" */ = {
			isa = XCRemoteSwiftPackageReference;
			repositoryURL = "https://github.com/ReactiveX/RxSwift";
			requirement = {
				branch = main;
				kind = branch;
			};
		};
/* End XCRemoteSwiftPackageReference section */

/* Begin XCSwiftPackageProductDependency section */
		B4E8D13A280BD022003EEFFC /* FirebaseFirestore */ = {
			isa = XCSwiftPackageProductDependency;
			package = B4E8D137280BD022003EEFFC /* XCRemoteSwiftPackageReference "firebase-ios-sdk" */;
			productName = FirebaseFirestore;
		};
		B4F91B55280C5C3400C62FC2 /* RxCocoa */ = {
			isa = XCSwiftPackageProductDependency;
			package = B4F91B54280C5C3400C62FC2 /* XCRemoteSwiftPackageReference "RxSwift" */;
			productName = RxCocoa;
		};
		B4F91B57280C5C3400C62FC2 /* RxSwift */ = {
			isa = XCSwiftPackageProductDependency;
			package = B4F91B54280C5C3400C62FC2 /* XCRemoteSwiftPackageReference "RxSwift" */;
			productName = RxSwift;
		};
/* End XCSwiftPackageProductDependency section */
	};
	rootObject = B45164B827E8C81100347409 /* Project object */;
}
