// !$*UTF8*$!
{
	archiveVersion = 1;
	classes = {
	};
	objectVersion = 55;
	objects = {

/* Begin PBXBuildFile section */
		B408BD8F282D652700044B81 /* Common.framework in Frameworks */ = {isa = PBXBuildFile; fileRef = B408BD8E282D652700044B81 /* Common.framework */; };
		B408BD90282D652700044B81 /* Common.framework in Embed Frameworks */ = {isa = PBXBuildFile; fileRef = B408BD8E282D652700044B81 /* Common.framework */; settings = {ATTRIBUTES = (CodeSignOnCopy, RemoveHeadersOnCopy, ); }; };
		B408BD93282D653100044B81 /* Domain.framework in Frameworks */ = {isa = PBXBuildFile; fileRef = B408BD92282D653100044B81 /* Domain.framework */; };
		B408BD94282D653100044B81 /* Domain.framework in Embed Frameworks */ = {isa = PBXBuildFile; fileRef = B408BD92282D653100044B81 /* Domain.framework */; settings = {ATTRIBUTES = (CodeSignOnCopy, RemoveHeadersOnCopy, ); }; };
		B408BD9D282D6C2400044B81 /* Resource.framework in Frameworks */ = {isa = PBXBuildFile; fileRef = B408BD9C282D6C2400044B81 /* Resource.framework */; };
		B408BD9E282D6C2400044B81 /* Resource.framework in Embed Frameworks */ = {isa = PBXBuildFile; fileRef = B408BD9C282D6C2400044B81 /* Resource.framework */; settings = {ATTRIBUTES = (CodeSignOnCopy, RemoveHeadersOnCopy, ); }; };
		B408BF042832253B00044B81 /* RxCommon.framework in Frameworks */ = {isa = PBXBuildFile; fileRef = B408BF032832253B00044B81 /* RxCommon.framework */; };
		B408BF052832253B00044B81 /* RxCommon.framework in Embed Frameworks */ = {isa = PBXBuildFile; fileRef = B408BF032832253B00044B81 /* RxCommon.framework */; settings = {ATTRIBUTES = (CodeSignOnCopy, RemoveHeadersOnCopy, ); }; };
		B408BF072832253F00044B81 /* RxPackage.framework in Frameworks */ = {isa = PBXBuildFile; fileRef = B408BF062832253F00044B81 /* RxPackage.framework */; };
		B408BF082832253F00044B81 /* RxPackage.framework in Embed Frameworks */ = {isa = PBXBuildFile; fileRef = B408BF062832253F00044B81 /* RxPackage.framework */; settings = {ATTRIBUTES = (CodeSignOnCopy, RemoveHeadersOnCopy, ); }; };
		B408BF222832277800044B81 /* RxPackage.framework in Frameworks */ = {isa = PBXBuildFile; fileRef = B408BF212832277800044B81 /* RxPackage.framework */; };
		B408BF242832278200044B81 /* RxTestPackage.framework in Frameworks */ = {isa = PBXBuildFile; fileRef = B408BF232832278200044B81 /* RxTestPackage.framework */; };
		B408BF412832478200044B81 /* MapViewModel.swift in Sources */ = {isa = PBXBuildFile; fileRef = B408BF402832478100044B81 /* MapViewModel.swift */; };
		B419A1232816A35400EB19CF /* AnnotationFactory.swift in Sources */ = {isa = PBXBuildFile; fileRef = B419A1222816A35400EB19CF /* AnnotationFactory.swift */; };
		B419A1252816A3D600EB19CF /* AnnotationViewFactory.swift in Sources */ = {isa = PBXBuildFile; fileRef = B419A1242816A3D600EB19CF /* AnnotationViewFactory.swift */; };
		B42BC38B2812E58100FC1486 /* QueryCLLocationServiceUseCaseStub.swift in Sources */ = {isa = PBXBuildFile; fileRef = B42BC38A2812E58100FC1486 /* QueryCLLocationServiceUseCaseStub.swift */; };
		B4535DF72809E0EC0020018E /* MapViewModelTests.swift in Sources */ = {isa = PBXBuildFile; fileRef = B4535DF62809E0EC0020018E /* MapViewModelTests.swift */; };
		B47759A727E8D73C00425734 /* Presentation.h in Headers */ = {isa = PBXBuildFile; fileRef = B47759A627E8D73C00425734 /* Presentation.h */; settings = {ATTRIBUTES = (Public, ); }; };
		B47759D927E8D76C00425734 /* MapViewController.swift in Sources */ = {isa = PBXBuildFile; fileRef = B47759C727E8D76C00425734 /* MapViewController.swift */; };
		B491B1EF2812A220003E2F7F /* MKMapView+Extension.swift in Sources */ = {isa = PBXBuildFile; fileRef = B491B1EE2812A220003E2F7F /* MKMapView+Extension.swift */; };
		B491B1F12812A356003E2F7F /* UIViewController+Rx.swift in Sources */ = {isa = PBXBuildFile; fileRef = B491B1F02812A356003E2F7F /* UIViewController+Rx.swift */; };
		B49487F42817032A0059F29A /* QueryZoneUseCaseStub.swift in Sources */ = {isa = PBXBuildFile; fileRef = B49487F32817032A0059F29A /* QueryZoneUseCaseStub.swift */; };
		B4F1EBAA28104BF700F1BE4E /* CommandCLLocationServiceUseCaseMock.swift in Sources */ = {isa = PBXBuildFile; fileRef = B4F1EBA928104BF700F1BE4E /* CommandCLLocationServiceUseCaseMock.swift */; };
/* End PBXBuildFile section */

/* Begin PBXContainerItemProxy section */
		B4535DF12809E0E20020018E /* PBXContainerItemProxy */ = {
			isa = PBXContainerItemProxy;
			containerPortal = B477599A27E8D73C00425734 /* Project object */;
			proxyType = 1;
			remoteGlobalIDString = B47759A227E8D73C00425734;
			remoteInfo = Presentation;
		};
/* End PBXContainerItemProxy section */

/* Begin PBXCopyFilesBuildPhase section */
		B408BD91282D652700044B81 /* Embed Frameworks */ = {
			isa = PBXCopyFilesBuildPhase;
			buildActionMask = 2147483647;
			dstPath = "";
			dstSubfolderSpec = 10;
			files = (
				B408BF082832253F00044B81 /* RxPackage.framework in Embed Frameworks */,
				B408BD94282D653100044B81 /* Domain.framework in Embed Frameworks */,
				B408BF052832253B00044B81 /* RxCommon.framework in Embed Frameworks */,
				B408BD9E282D6C2400044B81 /* Resource.framework in Embed Frameworks */,
				B408BD90282D652700044B81 /* Common.framework in Embed Frameworks */,
			);
			name = "Embed Frameworks";
			runOnlyForDeploymentPostprocessing = 0;
		};
/* End PBXCopyFilesBuildPhase section */

/* Begin PBXFileReference section */
		B408BD8E282D652700044B81 /* Common.framework */ = {isa = PBXFileReference; explicitFileType = wrapper.framework; path = Common.framework; sourceTree = BUILT_PRODUCTS_DIR; };
		B408BD92282D653100044B81 /* Domain.framework */ = {isa = PBXFileReference; explicitFileType = wrapper.framework; path = Domain.framework; sourceTree = BUILT_PRODUCTS_DIR; };
		B408BD9C282D6C2400044B81 /* Resource.framework */ = {isa = PBXFileReference; explicitFileType = wrapper.framework; path = Resource.framework; sourceTree = BUILT_PRODUCTS_DIR; };
		B408BF032832253B00044B81 /* RxCommon.framework */ = {isa = PBXFileReference; explicitFileType = wrapper.framework; path = RxCommon.framework; sourceTree = BUILT_PRODUCTS_DIR; };
		B408BF062832253F00044B81 /* RxPackage.framework */ = {isa = PBXFileReference; explicitFileType = wrapper.framework; path = RxPackage.framework; sourceTree = BUILT_PRODUCTS_DIR; };
		B408BF212832277800044B81 /* RxPackage.framework */ = {isa = PBXFileReference; explicitFileType = wrapper.framework; path = RxPackage.framework; sourceTree = BUILT_PRODUCTS_DIR; };
		B408BF232832278200044B81 /* RxTestPackage.framework */ = {isa = PBXFileReference; explicitFileType = wrapper.framework; path = RxTestPackage.framework; sourceTree = BUILT_PRODUCTS_DIR; };
		B408BF402832478100044B81 /* MapViewModel.swift */ = {isa = PBXFileReference; lastKnownFileType = sourcecode.swift; path = MapViewModel.swift; sourceTree = "<group>"; };
		B419A1222816A35400EB19CF /* AnnotationFactory.swift */ = {isa = PBXFileReference; lastKnownFileType = sourcecode.swift; path = AnnotationFactory.swift; sourceTree = "<group>"; };
		B419A1242816A3D600EB19CF /* AnnotationViewFactory.swift */ = {isa = PBXFileReference; lastKnownFileType = sourcecode.swift; path = AnnotationViewFactory.swift; sourceTree = "<group>"; };
		B42BC38A2812E58100FC1486 /* QueryCLLocationServiceUseCaseStub.swift */ = {isa = PBXFileReference; lastKnownFileType = sourcecode.swift; path = QueryCLLocationServiceUseCaseStub.swift; sourceTree = "<group>"; };
		B4535DEC2809E0E20020018E /* PresentationTests.xctest */ = {isa = PBXFileReference; explicitFileType = wrapper.cfbundle; includeInIndex = 0; path = PresentationTests.xctest; sourceTree = BUILT_PRODUCTS_DIR; };
		B4535DF62809E0EC0020018E /* MapViewModelTests.swift */ = {isa = PBXFileReference; fileEncoding = 4; lastKnownFileType = sourcecode.swift; path = MapViewModelTests.swift; sourceTree = "<group>"; };
		B47759A327E8D73C00425734 /* Presentation.framework */ = {isa = PBXFileReference; explicitFileType = wrapper.framework; includeInIndex = 0; path = Presentation.framework; sourceTree = BUILT_PRODUCTS_DIR; };
		B47759A627E8D73C00425734 /* Presentation.h */ = {isa = PBXFileReference; lastKnownFileType = sourcecode.c.h; path = Presentation.h; sourceTree = "<group>"; };
		B47759C727E8D76C00425734 /* MapViewController.swift */ = {isa = PBXFileReference; fileEncoding = 4; lastKnownFileType = sourcecode.swift; path = MapViewController.swift; sourceTree = "<group>"; };
		B491B1EE2812A220003E2F7F /* MKMapView+Extension.swift */ = {isa = PBXFileReference; lastKnownFileType = sourcecode.swift; path = "MKMapView+Extension.swift"; sourceTree = "<group>"; };
		B491B1F02812A356003E2F7F /* UIViewController+Rx.swift */ = {isa = PBXFileReference; lastKnownFileType = sourcecode.swift; path = "UIViewController+Rx.swift"; sourceTree = "<group>"; };
		B49487F32817032A0059F29A /* QueryZoneUseCaseStub.swift */ = {isa = PBXFileReference; lastKnownFileType = sourcecode.swift; path = QueryZoneUseCaseStub.swift; sourceTree = "<group>"; };
		B4F1EBA928104BF700F1BE4E /* CommandCLLocationServiceUseCaseMock.swift */ = {isa = PBXFileReference; lastKnownFileType = sourcecode.swift; path = CommandCLLocationServiceUseCaseMock.swift; sourceTree = "<group>"; };
/* End PBXFileReference section */

/* Begin PBXFrameworksBuildPhase section */
		B4535DE92809E0E20020018E /* Frameworks */ = {
			isa = PBXFrameworksBuildPhase;
			buildActionMask = 2147483647;
			files = (
				B408BF242832278200044B81 /* RxTestPackage.framework in Frameworks */,
				B408BF222832277800044B81 /* RxPackage.framework in Frameworks */,
			);
			runOnlyForDeploymentPostprocessing = 0;
		};
		B47759A027E8D73C00425734 /* Frameworks */ = {
			isa = PBXFrameworksBuildPhase;
			buildActionMask = 2147483647;
			files = (
				B408BF072832253F00044B81 /* RxPackage.framework in Frameworks */,
				B408BD93282D653100044B81 /* Domain.framework in Frameworks */,
				B408BF042832253B00044B81 /* RxCommon.framework in Frameworks */,
				B408BD9D282D6C2400044B81 /* Resource.framework in Frameworks */,
				B408BD8F282D652700044B81 /* Common.framework in Frameworks */,
			);
			runOnlyForDeploymentPostprocessing = 0;
		};
/* End PBXFrameworksBuildPhase section */

/* Begin PBXGroup section */
		B419A11B2816A33F00EB19CF /* Common */ = {
			isa = PBXGroup;
			children = (
				B419A1222816A35400EB19CF /* AnnotationFactory.swift */,
				B419A1242816A3D600EB19CF /* AnnotationViewFactory.swift */,
			);
			path = Common;
			sourceTree = "<group>";
		};
		B42BC3832812E55F00FC1486 /* Stubs */ = {
			isa = PBXGroup;
			children = (
				B42BC38A2812E58100FC1486 /* QueryCLLocationServiceUseCaseStub.swift */,
				B49487F32817032A0059F29A /* QueryZoneUseCaseStub.swift */,
			);
			path = Stubs;
			sourceTree = "<group>";
		};
		B4535DED2809E0E20020018E /* PresentationTests */ = {
			isa = PBXGroup;
			children = (
				B42BC3832812E55F00FC1486 /* Stubs */,
				B4F1EBA528104BD000F1BE4E /* Mocks */,
				B4535DF62809E0EC0020018E /* MapViewModelTests.swift */,
			);
			path = PresentationTests;
			sourceTree = "<group>";
		};
		B477599927E8D73C00425734 = {
			isa = PBXGroup;
			children = (
				B47759A527E8D73C00425734 /* Presentation */,
				B4535DED2809E0E20020018E /* PresentationTests */,
				B47759A427E8D73C00425734 /* Products */,
				B4775AE327E9E6A400425734 /* Frameworks */,
			);
			sourceTree = "<group>";
		};
		B47759A427E8D73C00425734 /* Products */ = {
			isa = PBXGroup;
			children = (
				B47759A327E8D73C00425734 /* Presentation.framework */,
				B4535DEC2809E0E20020018E /* PresentationTests.xctest */,
			);
			name = Products;
			sourceTree = "<group>";
		};
		B47759A527E8D73C00425734 /* Presentation */ = {
			isa = PBXGroup;
			children = (
				B47759A627E8D73C00425734 /* Presentation.h */,
				B491B1EA2812A216003E2F7F /* Extensions */,
				B47759C227E8D76C00425734 /* Map */,
			);
			path = Presentation;
			sourceTree = "<group>";
		};
		B47759C227E8D76C00425734 /* Map */ = {
			isa = PBXGroup;
			children = (
				B419A11B2816A33F00EB19CF /* Common */,
				B47759C727E8D76C00425734 /* MapViewController.swift */,
				B408BF402832478100044B81 /* MapViewModel.swift */,
			);
			path = Map;
			sourceTree = "<group>";
		};
		B4775AE327E9E6A400425734 /* Frameworks */ = {
			isa = PBXGroup;
			children = (
				B408BF232832278200044B81 /* RxTestPackage.framework */,
				B408BF212832277800044B81 /* RxPackage.framework */,
				B408BF062832253F00044B81 /* RxPackage.framework */,
				B408BF032832253B00044B81 /* RxCommon.framework */,
				B408BD9C282D6C2400044B81 /* Resource.framework */,
				B408BD92282D653100044B81 /* Domain.framework */,
				B408BD8E282D652700044B81 /* Common.framework */,
			);
			name = Frameworks;
			sourceTree = "<group>";
		};
		B491B1EA2812A216003E2F7F /* Extensions */ = {
			isa = PBXGroup;
			children = (
				B491B1EE2812A220003E2F7F /* MKMapView+Extension.swift */,
				B491B1F02812A356003E2F7F /* UIViewController+Rx.swift */,
			);
			path = Extensions;
			sourceTree = "<group>";
		};
		B4F1EBA528104BD000F1BE4E /* Mocks */ = {
			isa = PBXGroup;
			children = (
				B4F1EBA928104BF700F1BE4E /* CommandCLLocationServiceUseCaseMock.swift */,
			);
			path = Mocks;
			sourceTree = "<group>";
		};
/* End PBXGroup section */

/* Begin PBXHeadersBuildPhase section */
		B477599E27E8D73C00425734 /* Headers */ = {
			isa = PBXHeadersBuildPhase;
			buildActionMask = 2147483647;
			files = (
				B47759A727E8D73C00425734 /* Presentation.h in Headers */,
			);
			runOnlyForDeploymentPostprocessing = 0;
		};
/* End PBXHeadersBuildPhase section */

/* Begin PBXNativeTarget section */
		B4535DEB2809E0E20020018E /* PresentationTests */ = {
			isa = PBXNativeTarget;
			buildConfigurationList = B4535DF32809E0E20020018E /* Build configuration list for PBXNativeTarget "PresentationTests" */;
			buildPhases = (
				B4535DE82809E0E20020018E /* Sources */,
				B4535DE92809E0E20020018E /* Frameworks */,
				B4535DEA2809E0E20020018E /* Resources */,
			);
			buildRules = (
			);
			dependencies = (
				B4535DF22809E0E20020018E /* PBXTargetDependency */,
			);
			name = PresentationTests;
			packageProductDependencies = (
			);
			productName = PresentationTests;
			productReference = B4535DEC2809E0E20020018E /* PresentationTests.xctest */;
			productType = "com.apple.product-type.bundle.unit-test";
		};
		B47759A227E8D73C00425734 /* Presentation */ = {
			isa = PBXNativeTarget;
			buildConfigurationList = B47759AA27E8D73C00425734 /* Build configuration list for PBXNativeTarget "Presentation" */;
			buildPhases = (
				B477599E27E8D73C00425734 /* Headers */,
				B477599F27E8D73C00425734 /* Sources */,
				B47759A027E8D73C00425734 /* Frameworks */,
				B47759A127E8D73C00425734 /* Resources */,
				B408BD91282D652700044B81 /* Embed Frameworks */,
			);
			buildRules = (
			);
			dependencies = (
			);
			name = Presentation;
			packageProductDependencies = (
			);
			productName = Presentation;
			productReference = B47759A327E8D73C00425734 /* Presentation.framework */;
			productType = "com.apple.product-type.framework";
		};
/* End PBXNativeTarget section */

/* Begin PBXProject section */
		B477599A27E8D73C00425734 /* Project object */ = {
			isa = PBXProject;
			attributes = {
				BuildIndependentTargetsInParallel = 1;
				LastSwiftUpdateCheck = 1330;
				LastUpgradeCheck = 1320;
				TargetAttributes = {
					B4535DEB2809E0E20020018E = {
						CreatedOnToolsVersion = 13.3.1;
					};
					B47759A227E8D73C00425734 = {
						CreatedOnToolsVersion = 13.2.1;
					};
				};
			};
			buildConfigurationList = B477599D27E8D73C00425734 /* Build configuration list for PBXProject "Presentation" */;
			compatibilityVersion = "Xcode 13.0";
			developmentRegion = en;
			hasScannedForEncodings = 0;
			knownRegions = (
				en,
				Base,
			);
			mainGroup = B477599927E8D73C00425734;
			packageReferences = (
			);
			productRefGroup = B47759A427E8D73C00425734 /* Products */;
			projectDirPath = "";
			projectRoot = "";
			targets = (
				B47759A227E8D73C00425734 /* Presentation */,
				B4535DEB2809E0E20020018E /* PresentationTests */,
			);
		};
/* End PBXProject section */

/* Begin PBXResourcesBuildPhase section */
		B4535DEA2809E0E20020018E /* Resources */ = {
			isa = PBXResourcesBuildPhase;
			buildActionMask = 2147483647;
			files = (
			);
			runOnlyForDeploymentPostprocessing = 0;
		};
		B47759A127E8D73C00425734 /* Resources */ = {
			isa = PBXResourcesBuildPhase;
			buildActionMask = 2147483647;
			files = (
			);
			runOnlyForDeploymentPostprocessing = 0;
		};
/* End PBXResourcesBuildPhase section */

/* Begin PBXSourcesBuildPhase section */
		B4535DE82809E0E20020018E /* Sources */ = {
			isa = PBXSourcesBuildPhase;
			buildActionMask = 2147483647;
			files = (
				B4F1EBAA28104BF700F1BE4E /* CommandCLLocationServiceUseCaseMock.swift in Sources */,
				B4535DF72809E0EC0020018E /* MapViewModelTests.swift in Sources */,
				B49487F42817032A0059F29A /* QueryZoneUseCaseStub.swift in Sources */,
				B42BC38B2812E58100FC1486 /* QueryCLLocationServiceUseCaseStub.swift in Sources */,
			);
			runOnlyForDeploymentPostprocessing = 0;
		};
		B477599F27E8D73C00425734 /* Sources */ = {
			isa = PBXSourcesBuildPhase;
			buildActionMask = 2147483647;
			files = (
				B419A1232816A35400EB19CF /* AnnotationFactory.swift in Sources */,
				B408BF412832478200044B81 /* MapViewModel.swift in Sources */,
				B491B1EF2812A220003E2F7F /* MKMapView+Extension.swift in Sources */,
				B47759D927E8D76C00425734 /* MapViewController.swift in Sources */,
				B491B1F12812A356003E2F7F /* UIViewController+Rx.swift in Sources */,
				B419A1252816A3D600EB19CF /* AnnotationViewFactory.swift in Sources */,
			);
			runOnlyForDeploymentPostprocessing = 0;
		};
/* End PBXSourcesBuildPhase section */

/* Begin PBXTargetDependency section */
		B4535DF22809E0E20020018E /* PBXTargetDependency */ = {
			isa = PBXTargetDependency;
			target = B47759A227E8D73C00425734 /* Presentation */;
			targetProxy = B4535DF12809E0E20020018E /* PBXContainerItemProxy */;
		};
/* End PBXTargetDependency section */

/* Begin XCBuildConfiguration section */
		B4535DF42809E0E20020018E /* Debug */ = {
			isa = XCBuildConfiguration;
			buildSettings = {
				CODE_SIGN_STYLE = Automatic;
				CURRENT_PROJECT_VERSION = 1;
				DEVELOPMENT_TEAM = CD8LU925FT;
				GENERATE_INFOPLIST_FILE = YES;
				IPHONEOS_DEPLOYMENT_TARGET = 15.4;
				MARKETING_VERSION = 1.0;
				PRODUCT_BUNDLE_IDENTIFIER = com.Homunculus.PresentationTests;
				PRODUCT_NAME = "$(TARGET_NAME)";
				SWIFT_EMIT_LOC_STRINGS = NO;
				SWIFT_VERSION = 5.0;
				TARGETED_DEVICE_FAMILY = "1,2";
			};
			name = Debug;
		};
		B4535DF52809E0E20020018E /* Release */ = {
			isa = XCBuildConfiguration;
			buildSettings = {
				CODE_SIGN_STYLE = Automatic;
				CURRENT_PROJECT_VERSION = 1;
				DEVELOPMENT_TEAM = CD8LU925FT;
				GENERATE_INFOPLIST_FILE = YES;
				IPHONEOS_DEPLOYMENT_TARGET = 15.4;
				MARKETING_VERSION = 1.0;
				PRODUCT_BUNDLE_IDENTIFIER = com.Homunculus.PresentationTests;
				PRODUCT_NAME = "$(TARGET_NAME)";
				SWIFT_EMIT_LOC_STRINGS = NO;
				SWIFT_VERSION = 5.0;
				TARGETED_DEVICE_FAMILY = "1,2";
			};
			name = Release;
		};
		B47759A827E8D73C00425734 /* Debug */ = {
			isa = XCBuildConfiguration;
			buildSettings = {
				ALWAYS_SEARCH_USER_PATHS = NO;
				CLANG_ANALYZER_NONNULL = YES;
				CLANG_ANALYZER_NUMBER_OBJECT_CONVERSION = YES_AGGRESSIVE;
				CLANG_CXX_LANGUAGE_STANDARD = "gnu++17";
				CLANG_CXX_LIBRARY = "libc++";
				CLANG_ENABLE_MODULES = YES;
				CLANG_ENABLE_OBJC_ARC = YES;
				CLANG_ENABLE_OBJC_WEAK = YES;
				CLANG_WARN_BLOCK_CAPTURE_AUTORELEASING = YES;
				CLANG_WARN_BOOL_CONVERSION = YES;
				CLANG_WARN_COMMA = YES;
				CLANG_WARN_CONSTANT_CONVERSION = YES;
				CLANG_WARN_DEPRECATED_OBJC_IMPLEMENTATIONS = YES;
				CLANG_WARN_DIRECT_OBJC_ISA_USAGE = YES_ERROR;
				CLANG_WARN_DOCUMENTATION_COMMENTS = YES;
				CLANG_WARN_EMPTY_BODY = YES;
				CLANG_WARN_ENUM_CONVERSION = YES;
				CLANG_WARN_INFINITE_RECURSION = YES;
				CLANG_WARN_INT_CONVERSION = YES;
				CLANG_WARN_NON_LITERAL_NULL_CONVERSION = YES;
				CLANG_WARN_OBJC_IMPLICIT_RETAIN_SELF = YES;
				CLANG_WARN_OBJC_LITERAL_CONVERSION = YES;
				CLANG_WARN_OBJC_ROOT_CLASS = YES_ERROR;
				CLANG_WARN_QUOTED_INCLUDE_IN_FRAMEWORK_HEADER = YES;
				CLANG_WARN_RANGE_LOOP_ANALYSIS = YES;
				CLANG_WARN_STRICT_PROTOTYPES = YES;
				CLANG_WARN_SUSPICIOUS_MOVE = YES;
				CLANG_WARN_UNGUARDED_AVAILABILITY = YES_AGGRESSIVE;
				CLANG_WARN_UNREACHABLE_CODE = YES;
				CLANG_WARN__DUPLICATE_METHOD_MATCH = YES;
				COPY_PHASE_STRIP = NO;
				CURRENT_PROJECT_VERSION = 1;
				DEBUG_INFORMATION_FORMAT = dwarf;
				ENABLE_STRICT_OBJC_MSGSEND = YES;
				ENABLE_TESTABILITY = YES;
				GCC_C_LANGUAGE_STANDARD = gnu11;
				GCC_DYNAMIC_NO_PIC = NO;
				GCC_NO_COMMON_BLOCKS = YES;
				GCC_OPTIMIZATION_LEVEL = 0;
				GCC_PREPROCESSOR_DEFINITIONS = (
					"DEBUG=1",
					"$(inherited)",
				);
				GCC_WARN_64_TO_32_BIT_CONVERSION = YES;
				GCC_WARN_ABOUT_RETURN_TYPE = YES_ERROR;
				GCC_WARN_UNDECLARED_SELECTOR = YES;
				GCC_WARN_UNINITIALIZED_AUTOS = YES_AGGRESSIVE;
				GCC_WARN_UNUSED_FUNCTION = YES;
				GCC_WARN_UNUSED_VARIABLE = YES;
				IPHONEOS_DEPLOYMENT_TARGET = 15.2;
				MTL_ENABLE_DEBUG_INFO = INCLUDE_SOURCE;
				MTL_FAST_MATH = YES;
				ONLY_ACTIVE_ARCH = YES;
				SDKROOT = iphoneos;
				SWIFT_ACTIVE_COMPILATION_CONDITIONS = DEBUG;
				SWIFT_OPTIMIZATION_LEVEL = "-Onone";
				VERSIONING_SYSTEM = "apple-generic";
				VERSION_INFO_PREFIX = "";
			};
			name = Debug;
		};
		B47759A927E8D73C00425734 /* Release */ = {
			isa = XCBuildConfiguration;
			buildSettings = {
				ALWAYS_SEARCH_USER_PATHS = NO;
				CLANG_ANALYZER_NONNULL = YES;
				CLANG_ANALYZER_NUMBER_OBJECT_CONVERSION = YES_AGGRESSIVE;
				CLANG_CXX_LANGUAGE_STANDARD = "gnu++17";
				CLANG_CXX_LIBRARY = "libc++";
				CLANG_ENABLE_MODULES = YES;
				CLANG_ENABLE_OBJC_ARC = YES;
				CLANG_ENABLE_OBJC_WEAK = YES;
				CLANG_WARN_BLOCK_CAPTURE_AUTORELEASING = YES;
				CLANG_WARN_BOOL_CONVERSION = YES;
				CLANG_WARN_COMMA = YES;
				CLANG_WARN_CONSTANT_CONVERSION = YES;
				CLANG_WARN_DEPRECATED_OBJC_IMPLEMENTATIONS = YES;
				CLANG_WARN_DIRECT_OBJC_ISA_USAGE = YES_ERROR;
				CLANG_WARN_DOCUMENTATION_COMMENTS = YES;
				CLANG_WARN_EMPTY_BODY = YES;
				CLANG_WARN_ENUM_CONVERSION = YES;
				CLANG_WARN_INFINITE_RECURSION = YES;
				CLANG_WARN_INT_CONVERSION = YES;
				CLANG_WARN_NON_LITERAL_NULL_CONVERSION = YES;
				CLANG_WARN_OBJC_IMPLICIT_RETAIN_SELF = YES;
				CLANG_WARN_OBJC_LITERAL_CONVERSION = YES;
				CLANG_WARN_OBJC_ROOT_CLASS = YES_ERROR;
				CLANG_WARN_QUOTED_INCLUDE_IN_FRAMEWORK_HEADER = YES;
				CLANG_WARN_RANGE_LOOP_ANALYSIS = YES;
				CLANG_WARN_STRICT_PROTOTYPES = YES;
				CLANG_WARN_SUSPICIOUS_MOVE = YES;
				CLANG_WARN_UNGUARDED_AVAILABILITY = YES_AGGRESSIVE;
				CLANG_WARN_UNREACHABLE_CODE = YES;
				CLANG_WARN__DUPLICATE_METHOD_MATCH = YES;
				COPY_PHASE_STRIP = NO;
				CURRENT_PROJECT_VERSION = 1;
				DEBUG_INFORMATION_FORMAT = "dwarf-with-dsym";
				ENABLE_NS_ASSERTIONS = NO;
				ENABLE_STRICT_OBJC_MSGSEND = YES;
				GCC_C_LANGUAGE_STANDARD = gnu11;
				GCC_NO_COMMON_BLOCKS = YES;
				GCC_WARN_64_TO_32_BIT_CONVERSION = YES;
				GCC_WARN_ABOUT_RETURN_TYPE = YES_ERROR;
				GCC_WARN_UNDECLARED_SELECTOR = YES;
				GCC_WARN_UNINITIALIZED_AUTOS = YES_AGGRESSIVE;
				GCC_WARN_UNUSED_FUNCTION = YES;
				GCC_WARN_UNUSED_VARIABLE = YES;
				IPHONEOS_DEPLOYMENT_TARGET = 15.2;
				MTL_ENABLE_DEBUG_INFO = NO;
				MTL_FAST_MATH = YES;
				SDKROOT = iphoneos;
				SWIFT_COMPILATION_MODE = wholemodule;
				SWIFT_OPTIMIZATION_LEVEL = "-O";
				VALIDATE_PRODUCT = YES;
				VERSIONING_SYSTEM = "apple-generic";
				VERSION_INFO_PREFIX = "";
			};
			name = Release;
		};
		B47759AB27E8D73C00425734 /* Debug */ = {
			isa = XCBuildConfiguration;
			buildSettings = {
				BUILD_LIBRARY_FOR_DISTRIBUTION = NO;
				CODE_SIGN_STYLE = Automatic;
				CURRENT_PROJECT_VERSION = 1;
				DEFINES_MODULE = YES;
				DEVELOPMENT_TEAM = CD8LU925FT;
				DYLIB_COMPATIBILITY_VERSION = 1;
				DYLIB_CURRENT_VERSION = 1;
				DYLIB_INSTALL_NAME_BASE = "@rpath";
				ENABLE_TESTING_SEARCH_PATHS = YES;
				GENERATE_INFOPLIST_FILE = YES;
				INFOPLIST_KEY_NSHumanReadableCopyright = "";
				INSTALL_PATH = "$(LOCAL_LIBRARY_DIR)/Frameworks";
				IPHONEOS_DEPLOYMENT_TARGET = 13.0;
				LD_RUNPATH_SEARCH_PATHS = (
					"$(inherited)",
					"@executable_path/Frameworks",
					"@loader_path/Frameworks",
				);
				MARKETING_VERSION = 1.0;
				PRODUCT_BUNDLE_IDENTIFIER = com.Homunculus.Presentation;
				PRODUCT_NAME = "$(TARGET_NAME:c99extidentifier)";
				SKIP_INSTALL = YES;
				SUPPORTS_MACCATALYST = NO;
				SWIFT_EMIT_LOC_STRINGS = YES;
				SWIFT_VERSION = 5.0;
				TARGETED_DEVICE_FAMILY = "1,2";
			};
			name = Debug;
		};
		B47759AC27E8D73C00425734 /* Release */ = {
			isa = XCBuildConfiguration;
			buildSettings = {
				BUILD_LIBRARY_FOR_DISTRIBUTION = NO;
				CODE_SIGN_STYLE = Automatic;
				CURRENT_PROJECT_VERSION = 1;
				DEFINES_MODULE = YES;
				DEVELOPMENT_TEAM = CD8LU925FT;
				DYLIB_COMPATIBILITY_VERSION = 1;
				DYLIB_CURRENT_VERSION = 1;
				DYLIB_INSTALL_NAME_BASE = "@rpath";
				ENABLE_TESTING_SEARCH_PATHS = YES;
				GENERATE_INFOPLIST_FILE = YES;
				INFOPLIST_KEY_NSHumanReadableCopyright = "";
				INSTALL_PATH = "$(LOCAL_LIBRARY_DIR)/Frameworks";
				IPHONEOS_DEPLOYMENT_TARGET = 13.0;
				LD_RUNPATH_SEARCH_PATHS = (
					"$(inherited)",
					"@executable_path/Frameworks",
					"@loader_path/Frameworks",
				);
				MARKETING_VERSION = 1.0;
				PRODUCT_BUNDLE_IDENTIFIER = com.Homunculus.Presentation;
				PRODUCT_NAME = "$(TARGET_NAME:c99extidentifier)";
				SKIP_INSTALL = YES;
				SUPPORTS_MACCATALYST = NO;
				SWIFT_EMIT_LOC_STRINGS = YES;
				SWIFT_VERSION = 5.0;
				TARGETED_DEVICE_FAMILY = "1,2";
			};
			name = Release;
		};
/* End XCBuildConfiguration section */

/* Begin XCConfigurationList section */
		B4535DF32809E0E20020018E /* Build configuration list for PBXNativeTarget "PresentationTests" */ = {
			isa = XCConfigurationList;
			buildConfigurations = (
				B4535DF42809E0E20020018E /* Debug */,
				B4535DF52809E0E20020018E /* Release */,
			);
			defaultConfigurationIsVisible = 0;
			defaultConfigurationName = Release;
		};
		B477599D27E8D73C00425734 /* Build configuration list for PBXProject "Presentation" */ = {
			isa = XCConfigurationList;
			buildConfigurations = (
				B47759A827E8D73C00425734 /* Debug */,
				B47759A927E8D73C00425734 /* Release */,
			);
			defaultConfigurationIsVisible = 0;
			defaultConfigurationName = Release;
		};
		B47759AA27E8D73C00425734 /* Build configuration list for PBXNativeTarget "Presentation" */ = {
			isa = XCConfigurationList;
			buildConfigurations = (
				B47759AB27E8D73C00425734 /* Debug */,
				B47759AC27E8D73C00425734 /* Release */,
			);
			defaultConfigurationIsVisible = 0;
			defaultConfigurationName = Release;
		};
/* End XCConfigurationList section */
	};
	rootObject = B477599A27E8D73C00425734 /* Project object */;
}
