// !$*UTF8*$!
{
	archiveVersion = 1;
	classes = {
	};
	objectVersion = 55;
	objects = {

/* Begin PBXBuildFile section */
		B408BE12283124BE00044B81 /* RxCommon.h in Headers */ = {isa = PBXBuildFile; fileRef = B408BE11283124BE00044B81 /* RxCommon.h */; settings = {ATTRIBUTES = (Public, ); }; };
		B408BE1A2831257800044B81 /* ObservableType+Extension.swift in Sources */ = {isa = PBXBuildFile; fileRef = B408BE192831257800044B81 /* ObservableType+Extension.swift */; };
		B408BE1C2831258300044B81 /* ObservableConvertibleType+Extension.swift in Sources */ = {isa = PBXBuildFile; fileRef = B408BE1B2831258300044B81 /* ObservableConvertibleType+Extension.swift */; };
		B408BE1F283125B600044B81 /* CLLocationService+Rx.swift in Sources */ = {isa = PBXBuildFile; fileRef = B408BE1E283125B600044B81 /* CLLocationService+Rx.swift */; };
		B408BE21283125BA00044B81 /* CLLocationService.swift in Sources */ = {isa = PBXBuildFile; fileRef = B408BE20283125BA00044B81 /* CLLocationService.swift */; };
		B408BE2B283126EF00044B81 /* RxCocoa in Frameworks */ = {isa = PBXBuildFile; productRef = B408BE2A283126EF00044B81 /* RxCocoa */; };
		B408BE2D283126EF00044B81 /* RxRelay in Frameworks */ = {isa = PBXBuildFile; productRef = B408BE2C283126EF00044B81 /* RxRelay */; };
		B408BE2F283126EF00044B81 /* RxSwift in Frameworks */ = {isa = PBXBuildFile; productRef = B408BE2E283126EF00044B81 /* RxSwift */; };
/* End PBXBuildFile section */

/* Begin PBXFileReference section */
		B408BE0E283124BE00044B81 /* RxCommon.framework */ = {isa = PBXFileReference; explicitFileType = wrapper.framework; includeInIndex = 0; path = RxCommon.framework; sourceTree = BUILT_PRODUCTS_DIR; };
		B408BE11283124BE00044B81 /* RxCommon.h */ = {isa = PBXFileReference; lastKnownFileType = sourcecode.c.h; path = RxCommon.h; sourceTree = "<group>"; };
		B408BE192831257800044B81 /* ObservableType+Extension.swift */ = {isa = PBXFileReference; fileEncoding = 4; lastKnownFileType = sourcecode.swift; path = "ObservableType+Extension.swift"; sourceTree = "<group>"; };
		B408BE1B2831258300044B81 /* ObservableConvertibleType+Extension.swift */ = {isa = PBXFileReference; lastKnownFileType = sourcecode.swift; path = "ObservableConvertibleType+Extension.swift"; sourceTree = "<group>"; };
		B408BE1E283125B600044B81 /* CLLocationService+Rx.swift */ = {isa = PBXFileReference; fileEncoding = 4; lastKnownFileType = sourcecode.swift; path = "CLLocationService+Rx.swift"; sourceTree = "<group>"; };
		B408BE20283125BA00044B81 /* CLLocationService.swift */ = {isa = PBXFileReference; lastKnownFileType = sourcecode.swift; path = CLLocationService.swift; sourceTree = "<group>"; };
/* End PBXFileReference section */

/* Begin PBXFrameworksBuildPhase section */
		B408BE0B283124BE00044B81 /* Frameworks */ = {
			isa = PBXFrameworksBuildPhase;
			buildActionMask = 2147483647;
			files = (
				B408BE2F283126EF00044B81 /* RxSwift in Frameworks */,
				B408BE2D283126EF00044B81 /* RxRelay in Frameworks */,
				B408BE2B283126EF00044B81 /* RxCocoa in Frameworks */,
			);
			runOnlyForDeploymentPostprocessing = 0;
		};
/* End PBXFrameworksBuildPhase section */

/* Begin PBXGroup section */
		B408BE04283124BE00044B81 = {
			isa = PBXGroup;
			children = (
				B408BE10283124BE00044B81 /* RxCommon */,
				B408BE0F283124BE00044B81 /* Products */,
			);
			sourceTree = "<group>";
		};
		B408BE0F283124BE00044B81 /* Products */ = {
			isa = PBXGroup;
			children = (
				B408BE0E283124BE00044B81 /* RxCommon.framework */,
			);
			name = Products;
			sourceTree = "<group>";
		};
		B408BE10283124BE00044B81 /* RxCommon */ = {
			isa = PBXGroup;
			children = (
				B408BE18283124C900044B81 /* Extensions */,
				B408BE1D283125AB00044B81 /* CLLocationService */,
				B408BE11283124BE00044B81 /* RxCommon.h */,
			);
			path = RxCommon;
			sourceTree = "<group>";
		};
		B408BE18283124C900044B81 /* Extensions */ = {
			isa = PBXGroup;
			children = (
				B408BE1B2831258300044B81 /* ObservableConvertibleType+Extension.swift */,
				B408BE192831257800044B81 /* ObservableType+Extension.swift */,
			);
			path = Extensions;
			sourceTree = "<group>";
		};
		B408BE1D283125AB00044B81 /* CLLocationService */ = {
			isa = PBXGroup;
			children = (
				B408BE1E283125B600044B81 /* CLLocationService+Rx.swift */,
				B408BE20283125BA00044B81 /* CLLocationService.swift */,
			);
			path = CLLocationService;
			sourceTree = "<group>";
		};
/* End PBXGroup section */

/* Begin PBXHeadersBuildPhase section */
		B408BE09283124BE00044B81 /* Headers */ = {
			isa = PBXHeadersBuildPhase;
			buildActionMask = 2147483647;
			files = (
				B408BE12283124BE00044B81 /* RxCommon.h in Headers */,
			);
			runOnlyForDeploymentPostprocessing = 0;
		};
/* End PBXHeadersBuildPhase section */

/* Begin PBXNativeTarget section */
		B408BE0D283124BE00044B81 /* RxCommon */ = {
			isa = PBXNativeTarget;
			buildConfigurationList = B408BE15283124BE00044B81 /* Build configuration list for PBXNativeTarget "RxCommon" */;
			buildPhases = (
				B408BE09283124BE00044B81 /* Headers */,
				B408BE0A283124BE00044B81 /* Sources */,
				B408BE0B283124BE00044B81 /* Frameworks */,
				B408BE0C283124BE00044B81 /* Resources */,
			);
			buildRules = (
			);
			dependencies = (
			);
			name = RxCommon;
			packageProductDependencies = (
				B408BE2A283126EF00044B81 /* RxCocoa */,
				B408BE2C283126EF00044B81 /* RxRelay */,
				B408BE2E283126EF00044B81 /* RxSwift */,
			);
			productName = RxCommon;
			productReference = B408BE0E283124BE00044B81 /* RxCommon.framework */;
			productType = "com.apple.product-type.framework";
		};
/* End PBXNativeTarget section */

/* Begin PBXProject section */
		B408BE05283124BE00044B81 /* Project object */ = {
			isa = PBXProject;
			attributes = {
				BuildIndependentTargetsInParallel = 1;
				LastUpgradeCheck = 1330;
				TargetAttributes = {
					B408BE0D283124BE00044B81 = {
						CreatedOnToolsVersion = 13.3.1;
					};
				};
			};
			buildConfigurationList = B408BE08283124BE00044B81 /* Build configuration list for PBXProject "RxCommon" */;
			compatibilityVersion = "Xcode 13.0";
			developmentRegion = en;
			hasScannedForEncodings = 0;
			knownRegions = (
				en,
				Base,
			);
			mainGroup = B408BE04283124BE00044B81;
			packageReferences = (
				B408BE29283126EF00044B81 /* XCRemoteSwiftPackageReference "RxSwift" */,
			);
			productRefGroup = B408BE0F283124BE00044B81 /* Products */;
			projectDirPath = "";
			projectRoot = "";
			targets = (
				B408BE0D283124BE00044B81 /* RxCommon */,
			);
		};
/* End PBXProject section */

/* Begin PBXResourcesBuildPhase section */
		B408BE0C283124BE00044B81 /* Resources */ = {
			isa = PBXResourcesBuildPhase;
			buildActionMask = 2147483647;
			files = (
			);
			runOnlyForDeploymentPostprocessing = 0;
		};
/* End PBXResourcesBuildPhase section */

/* Begin PBXSourcesBuildPhase section */
		B408BE0A283124BE00044B81 /* Sources */ = {
			isa = PBXSourcesBuildPhase;
			buildActionMask = 2147483647;
			files = (
				B408BE1C2831258300044B81 /* ObservableConvertibleType+Extension.swift in Sources */,
				B408BE1A2831257800044B81 /* ObservableType+Extension.swift in Sources */,
				B408BE1F283125B600044B81 /* CLLocationService+Rx.swift in Sources */,
				B408BE21283125BA00044B81 /* CLLocationService.swift in Sources */,
			);
			runOnlyForDeploymentPostprocessing = 0;
		};
/* End PBXSourcesBuildPhase section */

/* Begin XCBuildConfiguration section */
		B408BE13283124BE00044B81 /* Debug */ = {
			isa = XCBuildConfiguration;
			buildSettings = {
				ALWAYS_SEARCH_USER_PATHS = NO;
				CLANG_ANALYZER_NONNULL = YES;
				CLANG_ANALYZER_NUMBER_OBJECT_CONVERSION = YES_AGGRESSIVE;
				CLANG_CXX_LANGUAGE_STANDARD = "gnu++17";
				CLANG_ENABLE_MODULES = YES;
				CLANG_ENABLE_OBJC_ARC = YES;
				CLANG_ENABLE_OBJC_WEAK = YES;
				CLANG_WARN_BLOCK_CAPTURE_AUTORELEASING = YES;
				CLANG_WARN_BOOL_CONVERSION = YES;
				CLANG_WARN_COMMA = YES;
				CLANG_WARN_CONSTANT_CONVERSION = YES;
				CLANG_WARN_DEPRECATED_OBJC_IMPLEMENTATIONS = YES;
				CLANG_WARN_DIRECT_OBJC_ISA_USAGE = YES_ERROR;
				CLANG_WARN_DOCUMENTATION_COMMENTS = YES;
				CLANG_WARN_EMPTY_BODY = YES;
				CLANG_WARN_ENUM_CONVERSION = YES;
				CLANG_WARN_INFINITE_RECURSION = YES;
				CLANG_WARN_INT_CONVERSION = YES;
				CLANG_WARN_NON_LITERAL_NULL_CONVERSION = YES;
				CLANG_WARN_OBJC_IMPLICIT_RETAIN_SELF = YES;
				CLANG_WARN_OBJC_LITERAL_CONVERSION = YES;
				CLANG_WARN_OBJC_ROOT_CLASS = YES_ERROR;
				CLANG_WARN_QUOTED_INCLUDE_IN_FRAMEWORK_HEADER = YES;
				CLANG_WARN_RANGE_LOOP_ANALYSIS = YES;
				CLANG_WARN_STRICT_PROTOTYPES = YES;
				CLANG_WARN_SUSPICIOUS_MOVE = YES;
				CLANG_WARN_UNGUARDED_AVAILABILITY = YES_AGGRESSIVE;
				CLANG_WARN_UNREACHABLE_CODE = YES;
				CLANG_WARN__DUPLICATE_METHOD_MATCH = YES;
				COPY_PHASE_STRIP = NO;
				CURRENT_PROJECT_VERSION = 1;
				DEBUG_INFORMATION_FORMAT = dwarf;
				ENABLE_STRICT_OBJC_MSGSEND = YES;
				ENABLE_TESTABILITY = YES;
				GCC_C_LANGUAGE_STANDARD = gnu11;
				GCC_DYNAMIC_NO_PIC = NO;
				GCC_NO_COMMON_BLOCKS = YES;
				GCC_OPTIMIZATION_LEVEL = 0;
				GCC_PREPROCESSOR_DEFINITIONS = (
					"DEBUG=1",
					"$(inherited)",
				);
				GCC_WARN_64_TO_32_BIT_CONVERSION = YES;
				GCC_WARN_ABOUT_RETURN_TYPE = YES_ERROR;
				GCC_WARN_UNDECLARED_SELECTOR = YES;
				GCC_WARN_UNINITIALIZED_AUTOS = YES_AGGRESSIVE;
				GCC_WARN_UNUSED_FUNCTION = YES;
				GCC_WARN_UNUSED_VARIABLE = YES;
				IPHONEOS_DEPLOYMENT_TARGET = 15.4;
				MTL_ENABLE_DEBUG_INFO = INCLUDE_SOURCE;
				MTL_FAST_MATH = YES;
				ONLY_ACTIVE_ARCH = YES;
				SDKROOT = iphoneos;
				SWIFT_ACTIVE_COMPILATION_CONDITIONS = DEBUG;
				SWIFT_OPTIMIZATION_LEVEL = "-Onone";
				VERSIONING_SYSTEM = "apple-generic";
				VERSION_INFO_PREFIX = "";
			};
			name = Debug;
		};
		B408BE14283124BE00044B81 /* Release */ = {
			isa = XCBuildConfiguration;
			buildSettings = {
				ALWAYS_SEARCH_USER_PATHS = NO;
				CLANG_ANALYZER_NONNULL = YES;
				CLANG_ANALYZER_NUMBER_OBJECT_CONVERSION = YES_AGGRESSIVE;
				CLANG_CXX_LANGUAGE_STANDARD = "gnu++17";
				CLANG_ENABLE_MODULES = YES;
				CLANG_ENABLE_OBJC_ARC = YES;
				CLANG_ENABLE_OBJC_WEAK = YES;
				CLANG_WARN_BLOCK_CAPTURE_AUTORELEASING = YES;
				CLANG_WARN_BOOL_CONVERSION = YES;
				CLANG_WARN_COMMA = YES;
				CLANG_WARN_CONSTANT_CONVERSION = YES;
				CLANG_WARN_DEPRECATED_OBJC_IMPLEMENTATIONS = YES;
				CLANG_WARN_DIRECT_OBJC_ISA_USAGE = YES_ERROR;
				CLANG_WARN_DOCUMENTATION_COMMENTS = YES;
				CLANG_WARN_EMPTY_BODY = YES;
				CLANG_WARN_ENUM_CONVERSION = YES;
				CLANG_WARN_INFINITE_RECURSION = YES;
				CLANG_WARN_INT_CONVERSION = YES;
				CLANG_WARN_NON_LITERAL_NULL_CONVERSION = YES;
				CLANG_WARN_OBJC_IMPLICIT_RETAIN_SELF = YES;
				CLANG_WARN_OBJC_LITERAL_CONVERSION = YES;
				CLANG_WARN_OBJC_ROOT_CLASS = YES_ERROR;
				CLANG_WARN_QUOTED_INCLUDE_IN_FRAMEWORK_HEADER = YES;
				CLANG_WARN_RANGE_LOOP_ANALYSIS = YES;
				CLANG_WARN_STRICT_PROTOTYPES = YES;
				CLANG_WARN_SUSPICIOUS_MOVE = YES;
				CLANG_WARN_UNGUARDED_AVAILABILITY = YES_AGGRESSIVE;
				CLANG_WARN_UNREACHABLE_CODE = YES;
				CLANG_WARN__DUPLICATE_METHOD_MATCH = YES;
				COPY_PHASE_STRIP = NO;
				CURRENT_PROJECT_VERSION = 1;
				DEBUG_INFORMATION_FORMAT = "dwarf-with-dsym";
				ENABLE_NS_ASSERTIONS = NO;
				ENABLE_STRICT_OBJC_MSGSEND = YES;
				GCC_C_LANGUAGE_STANDARD = gnu11;
				GCC_NO_COMMON_BLOCKS = YES;
				GCC_WARN_64_TO_32_BIT_CONVERSION = YES;
				GCC_WARN_ABOUT_RETURN_TYPE = YES_ERROR;
				GCC_WARN_UNDECLARED_SELECTOR = YES;
				GCC_WARN_UNINITIALIZED_AUTOS = YES_AGGRESSIVE;
				GCC_WARN_UNUSED_FUNCTION = YES;
				GCC_WARN_UNUSED_VARIABLE = YES;
				IPHONEOS_DEPLOYMENT_TARGET = 15.4;
				MTL_ENABLE_DEBUG_INFO = NO;
				MTL_FAST_MATH = YES;
				SDKROOT = iphoneos;
				SWIFT_COMPILATION_MODE = wholemodule;
				SWIFT_OPTIMIZATION_LEVEL = "-O";
				VALIDATE_PRODUCT = YES;
				VERSIONING_SYSTEM = "apple-generic";
				VERSION_INFO_PREFIX = "";
			};
			name = Release;
		};
		B408BE16283124BE00044B81 /* Debug */ = {
			isa = XCBuildConfiguration;
			buildSettings = {
				CODE_SIGN_STYLE = Automatic;
				CURRENT_PROJECT_VERSION = 1;
				DEFINES_MODULE = YES;
				DEVELOPMENT_TEAM = CD8LU925FT;
				DYLIB_COMPATIBILITY_VERSION = 1;
				DYLIB_CURRENT_VERSION = 1;
				DYLIB_INSTALL_NAME_BASE = "@rpath";
				GENERATE_INFOPLIST_FILE = YES;
				INFOPLIST_KEY_NSHumanReadableCopyright = "";
				INSTALL_PATH = "$(LOCAL_LIBRARY_DIR)/Frameworks";
				IPHONEOS_DEPLOYMENT_TARGET = 13.0;
				LD_RUNPATH_SEARCH_PATHS = (
					"$(inherited)",
					"@executable_path/Frameworks",
					"@loader_path/Frameworks",
				);
				MARKETING_VERSION = 1.0;
				PRODUCT_BUNDLE_IDENTIFIER = com.Homunculus.RxCommon;
				PRODUCT_NAME = "$(TARGET_NAME:c99extidentifier)";
				SKIP_INSTALL = YES;
				SUPPORTS_MACCATALYST = NO;
				SWIFT_EMIT_LOC_STRINGS = YES;
				SWIFT_VERSION = 5.0;
				TARGETED_DEVICE_FAMILY = "1,2";
			};
			name = Debug;
		};
		B408BE17283124BE00044B81 /* Release */ = {
			isa = XCBuildConfiguration;
			buildSettings = {
				CODE_SIGN_STYLE = Automatic;
				CURRENT_PROJECT_VERSION = 1;
				DEFINES_MODULE = YES;
				DEVELOPMENT_TEAM = CD8LU925FT;
				DYLIB_COMPATIBILITY_VERSION = 1;
				DYLIB_CURRENT_VERSION = 1;
				DYLIB_INSTALL_NAME_BASE = "@rpath";
				GENERATE_INFOPLIST_FILE = YES;
				INFOPLIST_KEY_NSHumanReadableCopyright = "";
				INSTALL_PATH = "$(LOCAL_LIBRARY_DIR)/Frameworks";
				IPHONEOS_DEPLOYMENT_TARGET = 13.0;
				LD_RUNPATH_SEARCH_PATHS = (
					"$(inherited)",
					"@executable_path/Frameworks",
					"@loader_path/Frameworks",
				);
				MARKETING_VERSION = 1.0;
				PRODUCT_BUNDLE_IDENTIFIER = com.Homunculus.RxCommon;
				PRODUCT_NAME = "$(TARGET_NAME:c99extidentifier)";
				SKIP_INSTALL = YES;
				SUPPORTS_MACCATALYST = NO;
				SWIFT_EMIT_LOC_STRINGS = YES;
				SWIFT_VERSION = 5.0;
				TARGETED_DEVICE_FAMILY = "1,2";
			};
			name = Release;
		};
/* End XCBuildConfiguration section */

/* Begin XCConfigurationList section */
		B408BE08283124BE00044B81 /* Build configuration list for PBXProject "RxCommon" */ = {
			isa = XCConfigurationList;
			buildConfigurations = (
				B408BE13283124BE00044B81 /* Debug */,
				B408BE14283124BE00044B81 /* Release */,
			);
			defaultConfigurationIsVisible = 0;
			defaultConfigurationName = Release;
		};
		B408BE15283124BE00044B81 /* Build configuration list for PBXNativeTarget "RxCommon" */ = {
			isa = XCConfigurationList;
			buildConfigurations = (
				B408BE16283124BE00044B81 /* Debug */,
				B408BE17283124BE00044B81 /* Release */,
			);
			defaultConfigurationIsVisible = 0;
			defaultConfigurationName = Release;
		};
/* End XCConfigurationList section */

/* Begin XCRemoteSwiftPackageReference section */
		B408BE29283126EF00044B81 /* XCRemoteSwiftPackageReference "RxSwift" */ = {
			isa = XCRemoteSwiftPackageReference;
			repositoryURL = "https://github.com/ReactiveX/RxSwift";
			requirement = {
				kind = upToNextMajorVersion;
				minimumVersion = 6.0.0;
			};
		};
/* End XCRemoteSwiftPackageReference section */

/* Begin XCSwiftPackageProductDependency section */
		B408BE2A283126EF00044B81 /* RxCocoa */ = {
			isa = XCSwiftPackageProductDependency;
			package = B408BE29283126EF00044B81 /* XCRemoteSwiftPackageReference "RxSwift" */;
			productName = RxCocoa;
		};
		B408BE2C283126EF00044B81 /* RxRelay */ = {
			isa = XCSwiftPackageProductDependency;
			package = B408BE29283126EF00044B81 /* XCRemoteSwiftPackageReference "RxSwift" */;
			productName = RxRelay;
		};
		B408BE2E283126EF00044B81 /* RxSwift */ = {
			isa = XCSwiftPackageProductDependency;
			package = B408BE29283126EF00044B81 /* XCRemoteSwiftPackageReference "RxSwift" */;
			productName = RxSwift;
		};
/* End XCSwiftPackageProductDependency section */
	};
	rootObject = B408BE05283124BE00044B81 /* Project object */;
}
